// !$*UTF8*$!
{
	archiveVersion = 1;
	classes = {
	};
	objectVersion = 56;
	objects = {

/* Begin PBXBuildFile section */
		0707D9A52A1453D800186248 /* RulesApp.swift in Sources */ = {isa = PBXBuildFile; fileRef = 0707D9A42A1453D800186248 /* RulesApp.swift */; };
		0707D9A72A1453D800186248 /* ContentView.swift in Sources */ = {isa = PBXBuildFile; fileRef = 0707D9A62A1453D800186248 /* ContentView.swift */; };
		0707D9A92A1453D900186248 /* Assets.xcassets in Resources */ = {isa = PBXBuildFile; fileRef = 0707D9A82A1453D900186248 /* Assets.xcassets */; };
		0707D9AC2A1453D900186248 /* Preview Assets.xcassets in Resources */ = {isa = PBXBuildFile; fileRef = 0707D9AB2A1453D900186248 /* Preview Assets.xcassets */; };
		0707D9B62A1453D900186248 /* RulesTests.swift in Sources */ = {isa = PBXBuildFile; fileRef = 0707D9B52A1453D900186248 /* RulesTests.swift */; };
		0707D9C02A1453D900186248 /* RulesUITests.swift in Sources */ = {isa = PBXBuildFile; fileRef = 0707D9BF2A1453D900186248 /* RulesUITests.swift */; };
		0707D9C22A1453D900186248 /* RulesUITestsLaunchTests.swift in Sources */ = {isa = PBXBuildFile; fileRef = 0707D9C12A1453D900186248 /* RulesUITestsLaunchTests.swift */; };
		0710BC9F2D1F5B6800B24A42 /* LanguageManager.swift in Sources */ = {isa = PBXBuildFile; fileRef = 0710BC9E2D1F5B6200B24A42 /* LanguageManager.swift */; };
		0710BCA12D1F5BA600B24A42 /* StringExtensions.swift in Sources */ = {isa = PBXBuildFile; fileRef = 0710BCA02D1F5BA100B24A42 /* StringExtensions.swift */; };
		0710BCA32D1FF36700B24A42 /* LocalizedView.swift in Sources */ = {isa = PBXBuildFile; fileRef = 0710BCA22D1FF36000B24A42 /* LocalizedView.swift */; };
		0716DB872D24077E00C16258 /* CountryInfo.swift in Sources */ = {isa = PBXBuildFile; fileRef = 0716DB862D24077900C16258 /* CountryInfo.swift */; };
		0716DB892D24079A00C16258 /* CountryInfoService.swift in Sources */ = {isa = PBXBuildFile; fileRef = 0716DB882D24079400C16258 /* CountryInfoService.swift */; };
		0716DB8C2D2407E200C16258 /* CountryInfoView.swift in Sources */ = {isa = PBXBuildFile; fileRef = 0716DB8B2D2407DE00C16258 /* CountryInfoView.swift */; };
		0718517A2A76F1CD00B61C24 /* RulesListPL.swift in Sources */ = {isa = PBXBuildFile; fileRef = 071851792A76F1CD00B61C24 /* RulesListPL.swift */; };
		07339B542A64019600120686 /* SwiftUI.framework in Frameworks */ = {isa = PBXBuildFile; fileRef = 079190592A1FA1F200C94BE3 /* SwiftUI.framework */; };
		076EAFC92A3A3E2E0021DA4C /* grunge-bounce-drum-loop-40464.mp3 in Resources */ = {isa = PBXBuildFile; fileRef = 076EAFC62A3A3E2E0021DA4C /* grunge-bounce-drum-loop-40464.mp3 */; };
		076EAFCA2A3A3E2E0021DA4C /* lofi-ambient-pianoline-116134.mp3 in Resources */ = {isa = PBXBuildFile; fileRef = 076EAFC72A3A3E2E0021DA4C /* lofi-ambient-pianoline-116134.mp3 */; };
		076EAFCB2A3A3E2E0021DA4C /* ambient-wave-48-tribute-17243.mp3 in Resources */ = {isa = PBXBuildFile; fileRef = 076EAFC82A3A3E2E0021DA4C /* ambient-wave-48-tribute-17243.mp3 */; };
		0780433E2A231CDD004BCE3D /* Property List.plist in Resources */ = {isa = PBXBuildFile; fileRef = 0780433D2A231CDD004BCE3D /* Property List.plist */; };
		07835FE12A5A1151008CE8F7 /* pushView.swift in Sources */ = {isa = PBXBuildFile; fileRef = 07835FE02A5A1151008CE8F7 /* pushView.swift */; };
		07A7C9122A546EA10017E850 /* GPSlistView.swift in Sources */ = {isa = PBXBuildFile; fileRef = 07A7C9112A546EA10017E850 /* GPSlistView.swift */; };
		07A7C9142A546FB10017E850 /* hex.swift in Sources */ = {isa = PBXBuildFile; fileRef = 07A7C9132A546FB10017E850 /* hex.swift */; };
		07A7C9162A54702C0017E850 /* settingsView.swift in Sources */ = {isa = PBXBuildFile; fileRef = 07A7C9152A54702C0017E850 /* settingsView.swift */; };
		07C717312A6435DA0014F2A8 /* startScreen.swift in Sources */ = {isa = PBXBuildFile; fileRef = 07C717302A6435DA0014F2A8 /* startScreen.swift */; };
		07D111862D1C98D70020C518 /* LocationData.swift in Sources */ = {isa = PBXBuildFile; fileRef = 07D111852D1C98CE0020C518 /* LocationData.swift */; };
		07E14C7D2A320E5C00B5062C /* ListItem.swift in Sources */ = {isa = PBXBuildFile; fileRef = 07E14C7C2A320E5C00B5062C /* ListItem.swift */; };
		07E14C802A320EA400B5062C /* travelChecklist.swift in Sources */ = {isa = PBXBuildFile; fileRef = 07E14C7F2A320EA400B5062C /* travelChecklist.swift */; };
		07E14CA82A33317300B5062C /* customRule.swift in Sources */ = {isa = PBXBuildFile; fileRef = 07E14CA72A33317300B5062C /* customRule.swift */; };
		07E14CAA2A33320B00B5062C /* locationGps.swift in Sources */ = {isa = PBXBuildFile; fileRef = 07E14CA92A33320B00B5062C /* locationGps.swift */; };
		07E14CAC2A33336F00B5062C /* savedRuleList.swift in Sources */ = {isa = PBXBuildFile; fileRef = 07E14CAB2A33336F00B5062C /* savedRuleList.swift */; };
		07E14CAE2A33344B00B5062C /* myChecklist.swift in Sources */ = {isa = PBXBuildFile; fileRef = 07E14CAD2A33344B00B5062C /* myChecklist.swift */; };
		07F108DB2D1EF419003EEBB6 /* Localizable.strings in Resources */ = {isa = PBXBuildFile; fileRef = 07F108D92D1EF419003EEBB6 /* Localizable.strings */; };
		07F108DF2D1EF74B003EEBB6 /* RuleListES.swift in Sources */ = {isa = PBXBuildFile; fileRef = 07F108DE2D1EF740003EEBB6 /* RuleListES.swift */; };
		07FD9C572A2B8B2E009809F0 /* RulesList.swift in Sources */ = {isa = PBXBuildFile; fileRef = 07FD9C562A2B8B2E009809F0 /* RulesList.swift */; };
		07FE35572A36100800C93577 /* colors.swift in Sources */ = {isa = PBXBuildFile; fileRef = 07FE35562A36100700C93577 /* colors.swift */; };
/* End PBXBuildFile section */

/* Begin PBXContainerItemProxy section */
		0707D9B22A1453D900186248 /* PBXContainerItemProxy */ = {
			isa = PBXContainerItemProxy;
			containerPortal = 0707D9992A1453D800186248 /* Project object */;
			proxyType = 1;
			remoteGlobalIDString = 0707D9A02A1453D800186248;
			remoteInfo = Rules;
		};
		0707D9BC2A1453D900186248 /* PBXContainerItemProxy */ = {
			isa = PBXContainerItemProxy;
			containerPortal = 0707D9992A1453D800186248 /* Project object */;
			proxyType = 1;
			remoteGlobalIDString = 0707D9A02A1453D800186248;
			remoteInfo = Rules;
		};
/* End PBXContainerItemProxy section */

/* Begin PBXFileReference section */
		0707D9A12A1453D800186248 /* Rules.app */ = {isa = PBXFileReference; explicitFileType = wrapper.application; includeInIndex = 0; path = Rules.app; sourceTree = BUILT_PRODUCTS_DIR; };
		0707D9A42A1453D800186248 /* RulesApp.swift */ = {isa = PBXFileReference; lastKnownFileType = sourcecode.swift; path = RulesApp.swift; sourceTree = "<group>"; };
		0707D9A62A1453D800186248 /* ContentView.swift */ = {isa = PBXFileReference; lastKnownFileType = sourcecode.swift; path = ContentView.swift; sourceTree = "<group>"; xcLanguageSpecificationIdentifier = xcode.lang.swift; };
		0707D9A82A1453D900186248 /* Assets.xcassets */ = {isa = PBXFileReference; lastKnownFileType = folder.assetcatalog; path = Assets.xcassets; sourceTree = "<group>"; };
		0707D9AB2A1453D900186248 /* Preview Assets.xcassets */ = {isa = PBXFileReference; lastKnownFileType = folder.assetcatalog; path = "Preview Assets.xcassets"; sourceTree = "<group>"; };
		0707D9B12A1453D900186248 /* RulesTests.xctest */ = {isa = PBXFileReference; explicitFileType = wrapper.cfbundle; includeInIndex = 0; path = RulesTests.xctest; sourceTree = BUILT_PRODUCTS_DIR; };
		0707D9B52A1453D900186248 /* RulesTests.swift */ = {isa = PBXFileReference; lastKnownFileType = sourcecode.swift; path = RulesTests.swift; sourceTree = "<group>"; };
		0707D9BB2A1453D900186248 /* RulesUITests.xctest */ = {isa = PBXFileReference; explicitFileType = wrapper.cfbundle; includeInIndex = 0; path = RulesUITests.xctest; sourceTree = BUILT_PRODUCTS_DIR; };
		0707D9BF2A1453D900186248 /* RulesUITests.swift */ = {isa = PBXFileReference; lastKnownFileType = sourcecode.swift; path = RulesUITests.swift; sourceTree = "<group>"; };
		0707D9C12A1453D900186248 /* RulesUITestsLaunchTests.swift */ = {isa = PBXFileReference; lastKnownFileType = sourcecode.swift; path = RulesUITestsLaunchTests.swift; sourceTree = "<group>"; };
		0710BC9E2D1F5B6200B24A42 /* LanguageManager.swift */ = {isa = PBXFileReference; lastKnownFileType = sourcecode.swift; path = LanguageManager.swift; sourceTree = "<group>"; };
		0710BCA02D1F5BA100B24A42 /* StringExtensions.swift */ = {isa = PBXFileReference; lastKnownFileType = sourcecode.swift; path = StringExtensions.swift; sourceTree = "<group>"; };
		0710BCA22D1FF36000B24A42 /* LocalizedView.swift */ = {isa = PBXFileReference; lastKnownFileType = sourcecode.swift; path = LocalizedView.swift; sourceTree = "<group>"; };
		0716DB862D24077900C16258 /* CountryInfo.swift */ = {isa = PBXFileReference; lastKnownFileType = sourcecode.swift; path = CountryInfo.swift; sourceTree = "<group>"; };
		0716DB882D24079400C16258 /* CountryInfoService.swift */ = {isa = PBXFileReference; lastKnownFileType = sourcecode.swift; path = CountryInfoService.swift; sourceTree = "<group>"; };
		0716DB8B2D2407DE00C16258 /* CountryInfoView.swift */ = {isa = PBXFileReference; lastKnownFileType = sourcecode.swift; path = CountryInfoView.swift; sourceTree = "<group>"; };
		071851792A76F1CD00B61C24 /* RulesListPL.swift */ = {isa = PBXFileReference; lastKnownFileType = sourcecode.swift; path = RulesListPL.swift; sourceTree = "<group>"; };
		072EE9C52A24375E00D2C858 /* Lato-Thin.ttf */ = {isa = PBXFileReference; lastKnownFileType = file; path = "Lato-Thin.ttf"; sourceTree = "<group>"; };
		072EE9C62A24375F00D2C858 /* Lato-BlackItalic.ttf */ = {isa = PBXFileReference; lastKnownFileType = file; path = "Lato-BlackItalic.ttf"; sourceTree = "<group>"; };
		072EE9C72A24375F00D2C858 /* Lato-LightItalic.ttf */ = {isa = PBXFileReference; lastKnownFileType = file; path = "Lato-LightItalic.ttf"; sourceTree = "<group>"; };
		072EE9C82A24375F00D2C858 /* Lato-BoldItalic.ttf */ = {isa = PBXFileReference; lastKnownFileType = file; path = "Lato-BoldItalic.ttf"; sourceTree = "<group>"; };
		072EE9C92A24375F00D2C858 /* Lato-Bold.ttf */ = {isa = PBXFileReference; lastKnownFileType = file; path = "Lato-Bold.ttf"; sourceTree = "<group>"; };
		072EE9CA2A24375F00D2C858 /* Lato-Black.ttf */ = {isa = PBXFileReference; lastKnownFileType = file; path = "Lato-Black.ttf"; sourceTree = "<group>"; };
		072EE9CB2A24375F00D2C858 /* Lato-Italic.ttf */ = {isa = PBXFileReference; lastKnownFileType = file; path = "Lato-Italic.ttf"; sourceTree = "<group>"; };
		072EE9CC2A24375F00D2C858 /* Lato-ThinItalic.ttf */ = {isa = PBXFileReference; lastKnownFileType = file; path = "Lato-ThinItalic.ttf"; sourceTree = "<group>"; };
		072EE9CD2A24375F00D2C858 /* Lato-Regular.ttf */ = {isa = PBXFileReference; lastKnownFileType = file; path = "Lato-Regular.ttf"; sourceTree = "<group>"; };
		072EE9CE2A24375F00D2C858 /* Lato-Light.ttf */ = {isa = PBXFileReference; lastKnownFileType = file; path = "Lato-Light.ttf"; sourceTree = "<group>"; };
		072EE9CF2A24375F00D2C858 /* OFL.txt */ = {isa = PBXFileReference; lastKnownFileType = text; path = OFL.txt; sourceTree = "<group>"; };
		076EAFC62A3A3E2E0021DA4C /* grunge-bounce-drum-loop-40464.mp3 */ = {isa = PBXFileReference; lastKnownFileType = audio.mp3; path = "grunge-bounce-drum-loop-40464.mp3"; sourceTree = "<group>"; };
		076EAFC72A3A3E2E0021DA4C /* lofi-ambient-pianoline-116134.mp3 */ = {isa = PBXFileReference; lastKnownFileType = audio.mp3; path = "lofi-ambient-pianoline-116134.mp3"; sourceTree = "<group>"; };
		076EAFC82A3A3E2E0021DA4C /* ambient-wave-48-tribute-17243.mp3 */ = {isa = PBXFileReference; lastKnownFileType = audio.mp3; path = "ambient-wave-48-tribute-17243.mp3"; sourceTree = "<group>"; };
		0780433D2A231CDD004BCE3D /* Property List.plist */ = {isa = PBXFileReference; lastKnownFileType = text.plist.xml; path = "Property List.plist"; sourceTree = "<group>"; };
		07835FE02A5A1151008CE8F7 /* pushView.swift */ = {isa = PBXFileReference; lastKnownFileType = sourcecode.swift; path = pushView.swift; sourceTree = "<group>"; };
		079190592A1FA1F200C94BE3 /* SwiftUI.framework */ = {isa = PBXFileReference; lastKnownFileType = wrapper.framework; name = SwiftUI.framework; path = System/Library/Frameworks/SwiftUI.framework; sourceTree = SDKROOT; };
		0791905B2A1FA20600C94BE3 /* libswiftAVFoundation.tbd */ = {isa = PBXFileReference; lastKnownFileType = "sourcecode.text-based-dylib-definition"; name = libswiftAVFoundation.tbd; path = usr/lib/swift/libswiftAVFoundation.tbd; sourceTree = SDKROOT; };
		079190602A1FA23900C94BE3 /* libswiftFoundation.tbd */ = {isa = PBXFileReference; lastKnownFileType = "sourcecode.text-based-dylib-definition"; name = libswiftFoundation.tbd; path = usr/lib/swift/libswiftFoundation.tbd; sourceTree = SDKROOT; };
		07A7C9112A546EA10017E850 /* GPSlistView.swift */ = {isa = PBXFileReference; lastKnownFileType = sourcecode.swift; path = GPSlistView.swift; sourceTree = "<group>"; };
		07A7C9132A546FB10017E850 /* hex.swift */ = {isa = PBXFileReference; lastKnownFileType = sourcecode.swift; path = hex.swift; sourceTree = "<group>"; };
		07A7C9152A54702C0017E850 /* settingsView.swift */ = {isa = PBXFileReference; lastKnownFileType = sourcecode.swift; path = settingsView.swift; sourceTree = "<group>"; };
		07C717302A6435DA0014F2A8 /* startScreen.swift */ = {isa = PBXFileReference; lastKnownFileType = sourcecode.swift; path = startScreen.swift; sourceTree = "<group>"; };
		07C717332A644ADB0014F2A8 /* downMenuBar.swift */ = {isa = PBXFileReference; lastKnownFileType = sourcecode.swift; path = downMenuBar.swift; sourceTree = "<group>"; };
		07CB8A262A5B17BD005C5FA7 /* Rules.entitlements */ = {isa = PBXFileReference; lastKnownFileType = text.plist.entitlements; path = Rules.entitlements; sourceTree = "<group>"; };
		07D111832D16BCCA0020C518 /* RulesRelease.entitlements */ = {isa = PBXFileReference; lastKnownFileType = text.plist.entitlements; path = RulesRelease.entitlements; sourceTree = "<group>"; };
		07D111852D1C98CE0020C518 /* LocationData.swift */ = {isa = PBXFileReference; lastKnownFileType = sourcecode.swift; path = LocationData.swift; sourceTree = "<group>"; };
		07E14C7C2A320E5C00B5062C /* ListItem.swift */ = {isa = PBXFileReference; fileEncoding = 4; lastKnownFileType = sourcecode.swift; path = ListItem.swift; sourceTree = "<group>"; };
		07E14C7F2A320EA400B5062C /* travelChecklist.swift */ = {isa = PBXFileReference; lastKnownFileType = sourcecode.swift; path = travelChecklist.swift; sourceTree = "<group>"; };
		07E14C812A3289C700B5062C /* Info.plist */ = {isa = PBXFileReference; lastKnownFileType = text.plist; path = Info.plist; sourceTree = "<group>"; };
		07E14CA52A328A9A00B5062C /* SharedWithYou.framework */ = {isa = PBXFileReference; lastKnownFileType = wrapper.framework; name = SharedWithYou.framework; path = System/Library/Frameworks/SharedWithYou.framework; sourceTree = SDKROOT; };
		07E14CA72A33317300B5062C /* customRule.swift */ = {isa = PBXFileReference; lastKnownFileType = sourcecode.swift; path = customRule.swift; sourceTree = "<group>"; };
		07E14CA92A33320B00B5062C /* locationGps.swift */ = {isa = PBXFileReference; lastKnownFileType = sourcecode.swift; path = locationGps.swift; sourceTree = "<group>"; };
		07E14CAB2A33336F00B5062C /* savedRuleList.swift */ = {isa = PBXFileReference; lastKnownFileType = sourcecode.swift; path = savedRuleList.swift; sourceTree = "<group>"; };
		07E14CAD2A33344B00B5062C /* myChecklist.swift */ = {isa = PBXFileReference; lastKnownFileType = sourcecode.swift; path = myChecklist.swift; sourceTree = "<group>"; };
		07F108DA2D1EF419003EEBB6 /* en */ = {isa = PBXFileReference; lastKnownFileType = text.plist.strings; name = en; path = en.lproj/Localizable.strings; sourceTree = "<group>"; };
		07F108DC2D1EF44C003EEBB6 /* pl */ = {isa = PBXFileReference; lastKnownFileType = text.plist.strings; name = pl; path = pl.lproj/Localizable.strings; sourceTree = "<group>"; };
		07F108DD2D1EF69A003EEBB6 /* es */ = {isa = PBXFileReference; lastKnownFileType = text.plist.strings; name = es; path = es.lproj/Localizable.strings; sourceTree = "<group>"; };
		07F108DE2D1EF740003EEBB6 /* RuleListES.swift */ = {isa = PBXFileReference; lastKnownFileType = sourcecode.swift; path = RuleListES.swift; sourceTree = "<group>"; };
		07FD9C562A2B8B2E009809F0 /* RulesList.swift */ = {isa = PBXFileReference; fileEncoding = 4; lastKnownFileType = sourcecode.swift; path = RulesList.swift; sourceTree = "<group>"; };
		07FE35562A36100700C93577 /* colors.swift */ = {isa = PBXFileReference; lastKnownFileType = sourcecode.swift; path = colors.swift; sourceTree = "<group>"; };
/* End PBXFileReference section */

/* Begin PBXFrameworksBuildPhase section */
		0707D99E2A1453D800186248 /* Frameworks */ = {
			isa = PBXFrameworksBuildPhase;
			buildActionMask = 2147483647;
			files = (
				07339B542A64019600120686 /* SwiftUI.framework in Frameworks */,
			);
			runOnlyForDeploymentPostprocessing = 0;
		};
		0707D9AE2A1453D900186248 /* Frameworks */ = {
			isa = PBXFrameworksBuildPhase;
			buildActionMask = 2147483647;
			files = (
			);
			runOnlyForDeploymentPostprocessing = 0;
		};
		0707D9B82A1453D900186248 /* Frameworks */ = {
			isa = PBXFrameworksBuildPhase;
			buildActionMask = 2147483647;
			files = (
			);
			runOnlyForDeploymentPostprocessing = 0;
		};
/* End PBXFrameworksBuildPhase section */

/* Begin PBXGroup section */
		0707D9982A1453D800186248 = {
			isa = PBXGroup;
			children = (
				076EAFBF2A3A3C9D0021DA4C /* sounds */,
				072EE9C42A24374900D2C858 /* Font LATO */,
				0780433D2A231CDD004BCE3D /* Property List.plist */,
				0707D9A32A1453D800186248 /* Rules */,
				0707D9B42A1453D900186248 /* RulesTests */,
				0707D9BE2A1453D900186248 /* RulesUITests */,
				0707D9A22A1453D800186248 /* Products */,
				079190582A1FA1F100C94BE3 /* Frameworks */,
				6472A902C802B2ACC6ADFD97 /* Pods */,
			);
			sourceTree = "<group>";
		};
		0707D9A22A1453D800186248 /* Products */ = {
			isa = PBXGroup;
			children = (
				0707D9A12A1453D800186248 /* Rules.app */,
				0707D9B12A1453D900186248 /* RulesTests.xctest */,
				0707D9BB2A1453D900186248 /* RulesUITests.xctest */,
			);
			name = Products;
			sourceTree = "<group>";
		};
		0707D9A32A1453D800186248 /* Rules */ = {
			isa = PBXGroup;
			children = (
				07D111832D16BCCA0020C518 /* RulesRelease.entitlements */,
				07CB8A262A5B17BD005C5FA7 /* Rules.entitlements */,
				07E14C812A3289C700B5062C /* Info.plist */,
				07D111842D1C98500020C518 /* Models */,
				07FE35552A360FE100C93577 /* Extensions */,
				07E14C7E2A320E6600B5062C /* Views */,
				07E14C7B2A320E1100B5062C /* Lists */,
				0710BC9D2D1F5B4700B24A42 /* Managers */,
				0707D9A42A1453D800186248 /* RulesApp.swift */,
				0707D9A62A1453D800186248 /* ContentView.swift */,
				07F108D92D1EF419003EEBB6 /* Localizable.strings */,
				0707D9A82A1453D900186248 /* Assets.xcassets */,
				0707D9AA2A1453D900186248 /* Preview Content */,
			);
			path = Rules;
			sourceTree = "<group>";
		};
		0707D9AA2A1453D900186248 /* Preview Content */ = {
			isa = PBXGroup;
			children = (
				0707D9AB2A1453D900186248 /* Preview Assets.xcassets */,
			);
			path = "Preview Content";
			sourceTree = "<group>";
		};
		0707D9B42A1453D900186248 /* RulesTests */ = {
			isa = PBXGroup;
			children = (
				0707D9B52A1453D900186248 /* RulesTests.swift */,
			);
			path = RulesTests;
			sourceTree = "<group>";
		};
		0707D9BE2A1453D900186248 /* RulesUITests */ = {
			isa = PBXGroup;
			children = (
				0707D9BF2A1453D900186248 /* RulesUITests.swift */,
				0707D9C12A1453D900186248 /* RulesUITestsLaunchTests.swift */,
			);
			path = RulesUITests;
			sourceTree = "<group>";
		};
		0710BC9D2D1F5B4700B24A42 /* Managers */ = {
			isa = PBXGroup;
			children = (
				0710BC9E2D1F5B6200B24A42 /* LanguageManager.swift */,
			);
			path = Managers;
			sourceTree = "<group>";
		};
		072EE9C42A24374900D2C858 /* Font LATO */ = {
			isa = PBXGroup;
			children = (
				072EE9CA2A24375F00D2C858 /* Lato-Black.ttf */,
				072EE9C62A24375F00D2C858 /* Lato-BlackItalic.ttf */,
				072EE9C92A24375F00D2C858 /* Lato-Bold.ttf */,
				072EE9C82A24375F00D2C858 /* Lato-BoldItalic.ttf */,
				072EE9CB2A24375F00D2C858 /* Lato-Italic.ttf */,
				072EE9CE2A24375F00D2C858 /* Lato-Light.ttf */,
				072EE9C72A24375F00D2C858 /* Lato-LightItalic.ttf */,
				072EE9CD2A24375F00D2C858 /* Lato-Regular.ttf */,
				072EE9C52A24375E00D2C858 /* Lato-Thin.ttf */,
				072EE9CC2A24375F00D2C858 /* Lato-ThinItalic.ttf */,
				072EE9CF2A24375F00D2C858 /* OFL.txt */,
			);
			path = "Font LATO";
			sourceTree = "<group>";
		};
		076EAFBF2A3A3C9D0021DA4C /* sounds */ = {
			isa = PBXGroup;
			children = (
				076EAFC82A3A3E2E0021DA4C /* ambient-wave-48-tribute-17243.mp3 */,
				076EAFC62A3A3E2E0021DA4C /* grunge-bounce-drum-loop-40464.mp3 */,
				076EAFC72A3A3E2E0021DA4C /* lofi-ambient-pianoline-116134.mp3 */,
			);
			path = sounds;
			sourceTree = "<group>";
		};
		079190582A1FA1F100C94BE3 /* Frameworks */ = {
			isa = PBXGroup;
			children = (
				07E14CA52A328A9A00B5062C /* SharedWithYou.framework */,
				079190602A1FA23900C94BE3 /* libswiftFoundation.tbd */,
				0791905B2A1FA20600C94BE3 /* libswiftAVFoundation.tbd */,
				079190592A1FA1F200C94BE3 /* SwiftUI.framework */,
			);
			name = Frameworks;
			sourceTree = "<group>";
		};
		07D111842D1C98500020C518 /* Models */ = {
			isa = PBXGroup;
			children = (
				07D111852D1C98CE0020C518 /* LocationData.swift */,
			);
			path = Models;
			sourceTree = "<group>";
		};
		07E14C7B2A320E1100B5062C /* Lists */ = {
			isa = PBXGroup;
			children = (
				07FD9C562A2B8B2E009809F0 /* RulesList.swift */,
				07F108DE2D1EF740003EEBB6 /* RuleListES.swift */,
				071851792A76F1CD00B61C24 /* RulesListPL.swift */,
				07E14C7C2A320E5C00B5062C /* ListItem.swift */,
			);
			path = Lists;
			sourceTree = "<group>";
		};
		07E14C7E2A320E6600B5062C /* Views */ = {
			isa = PBXGroup;
			children = (
				0716DB8B2D2407DE00C16258 /* CountryInfoView.swift */,
				0716DB882D24079400C16258 /* CountryInfoService.swift */,
				0716DB862D24077900C16258 /* CountryInfo.swift */,
				0710BCA22D1FF36000B24A42 /* LocalizedView.swift */,
				07E14C7F2A320EA400B5062C /* travelChecklist.swift */,
				07C717332A644ADB0014F2A8 /* downMenuBar.swift */,
				07835FE02A5A1151008CE8F7 /* pushView.swift */,
				07E14CA72A33317300B5062C /* customRule.swift */,
				07C717302A6435DA0014F2A8 /* startScreen.swift */,
				07E14CA92A33320B00B5062C /* locationGps.swift */,
				07E14CAB2A33336F00B5062C /* savedRuleList.swift */,
				07E14CAD2A33344B00B5062C /* myChecklist.swift */,
				07A7C9112A546EA10017E850 /* GPSlistView.swift */,
				07A7C9152A54702C0017E850 /* settingsView.swift */,
			);
			path = Views;
			sourceTree = "<group>";
		};
		07FE35552A360FE100C93577 /* Extensions */ = {
			isa = PBXGroup;
			children = (
				0710BCA02D1F5BA100B24A42 /* StringExtensions.swift */,
				07FE35562A36100700C93577 /* colors.swift */,
				07A7C9132A546FB10017E850 /* hex.swift */,
			);
			path = Extensions;
			sourceTree = "<group>";
		};
		6472A902C802B2ACC6ADFD97 /* Pods */ = {
			isa = PBXGroup;
			children = (
			);
			path = Pods;
			sourceTree = "<group>";
		};
/* End PBXGroup section */

/* Begin PBXNativeTarget section */
		0707D9A02A1453D800186248 /* Rules */ = {
			isa = PBXNativeTarget;
			buildConfigurationList = 0707D9C52A1453D900186248 /* Build configuration list for PBXNativeTarget "Rules" */;
			buildPhases = (
				0707D99D2A1453D800186248 /* Sources */,
				0707D99E2A1453D800186248 /* Frameworks */,
				0707D99F2A1453D800186248 /* Resources */,
			);
			buildRules = (
			);
			dependencies = (
			);
			name = Rules;
			productName = Rules;
			productReference = 0707D9A12A1453D800186248 /* Rules.app */;
			productType = "com.apple.product-type.application";
		};
		0707D9B02A1453D900186248 /* RulesTests */ = {
			isa = PBXNativeTarget;
			buildConfigurationList = 0707D9C82A1453D900186248 /* Build configuration list for PBXNativeTarget "RulesTests" */;
			buildPhases = (
				0707D9AD2A1453D900186248 /* Sources */,
				0707D9AE2A1453D900186248 /* Frameworks */,
				0707D9AF2A1453D900186248 /* Resources */,
			);
			buildRules = (
			);
			dependencies = (
				0707D9B32A1453D900186248 /* PBXTargetDependency */,
			);
			name = RulesTests;
			productName = RulesTests;
			productReference = 0707D9B12A1453D900186248 /* RulesTests.xctest */;
			productType = "com.apple.product-type.bundle.unit-test";
		};
		0707D9BA2A1453D900186248 /* RulesUITests */ = {
			isa = PBXNativeTarget;
			buildConfigurationList = 0707D9CB2A1453D900186248 /* Build configuration list for PBXNativeTarget "RulesUITests" */;
			buildPhases = (
				0707D9B72A1453D900186248 /* Sources */,
				0707D9B82A1453D900186248 /* Frameworks */,
				0707D9B92A1453D900186248 /* Resources */,
			);
			buildRules = (
			);
			dependencies = (
				0707D9BD2A1453D900186248 /* PBXTargetDependency */,
			);
			name = RulesUITests;
			productName = RulesUITests;
			productReference = 0707D9BB2A1453D900186248 /* RulesUITests.xctest */;
			productType = "com.apple.product-type.bundle.ui-testing";
		};
/* End PBXNativeTarget section */

/* Begin PBXProject section */
		0707D9992A1453D800186248 /* Project object */ = {
			isa = PBXProject;
			attributes = {
				BuildIndependentTargetsInParallel = 1;
				LastSwiftUpdateCheck = 1430;
				LastUpgradeCheck = 1620;
				TargetAttributes = {
					0707D9A02A1453D800186248 = {
						CreatedOnToolsVersion = 14.3;
					};
					0707D9B02A1453D900186248 = {
						CreatedOnToolsVersion = 14.3;
						TestTargetID = 0707D9A02A1453D800186248;
					};
					0707D9BA2A1453D900186248 = {
						CreatedOnToolsVersion = 14.3;
						TestTargetID = 0707D9A02A1453D800186248;
					};
				};
			};
			buildConfigurationList = 0707D99C2A1453D800186248 /* Build configuration list for PBXProject "Travel rules" */;
			compatibilityVersion = "Xcode 14.0";
			developmentRegion = en;
			hasScannedForEncodings = 0;
			knownRegions = (
				en,
				pl,
				Base,
				es,
			);
			mainGroup = 0707D9982A1453D800186248;
			productRefGroup = 0707D9A22A1453D800186248 /* Products */;
			projectDirPath = "";
			projectRoot = "";
			targets = (
				0707D9A02A1453D800186248 /* Rules */,
				0707D9B02A1453D900186248 /* RulesTests */,
				0707D9BA2A1453D900186248 /* RulesUITests */,
			);
		};
/* End PBXProject section */

/* Begin PBXResourcesBuildPhase section */
		0707D99F2A1453D800186248 /* Resources */ = {
			isa = PBXResourcesBuildPhase;
			buildActionMask = 2147483647;
			files = (
				076EAFCB2A3A3E2E0021DA4C /* ambient-wave-48-tribute-17243.mp3 in Resources */,
				0780433E2A231CDD004BCE3D /* Property List.plist in Resources */,
				076EAFCA2A3A3E2E0021DA4C /* lofi-ambient-pianoline-116134.mp3 in Resources */,
				07F108DB2D1EF419003EEBB6 /* Localizable.strings in Resources */,
				076EAFC92A3A3E2E0021DA4C /* grunge-bounce-drum-loop-40464.mp3 in Resources */,
				0707D9AC2A1453D900186248 /* Preview Assets.xcassets in Resources */,
				0707D9A92A1453D900186248 /* Assets.xcassets in Resources */,
			);
			runOnlyForDeploymentPostprocessing = 0;
		};
		0707D9AF2A1453D900186248 /* Resources */ = {
			isa = PBXResourcesBuildPhase;
			buildActionMask = 2147483647;
			files = (
			);
			runOnlyForDeploymentPostprocessing = 0;
		};
		0707D9B92A1453D900186248 /* Resources */ = {
			isa = PBXResourcesBuildPhase;
			buildActionMask = 2147483647;
			files = (
			);
			runOnlyForDeploymentPostprocessing = 0;
		};
/* End PBXResourcesBuildPhase section */

/* Begin PBXSourcesBuildPhase section */
		0707D99D2A1453D800186248 /* Sources */ = {
			isa = PBXSourcesBuildPhase;
			buildActionMask = 2147483647;
			files = (
				0710BCA32D1FF36700B24A42 /* LocalizedView.swift in Sources */,
				07E14C802A320EA400B5062C /* travelChecklist.swift in Sources */,
				0716DB872D24077E00C16258 /* CountryInfo.swift in Sources */,
				07FE35572A36100800C93577 /* colors.swift in Sources */,
				0716DB892D24079A00C16258 /* CountryInfoService.swift in Sources */,
				07E14C7D2A320E5C00B5062C /* ListItem.swift in Sources */,
				0710BC9F2D1F5B6800B24A42 /* LanguageManager.swift in Sources */,
				07A7C9142A546FB10017E850 /* hex.swift in Sources */,
				07E14CA82A33317300B5062C /* customRule.swift in Sources */,
				07E14CAA2A33320B00B5062C /* locationGps.swift in Sources */,
				0707D9A72A1453D800186248 /* ContentView.swift in Sources */,
				07E14CAC2A33336F00B5062C /* savedRuleList.swift in Sources */,
				07A7C9162A54702C0017E850 /* settingsView.swift in Sources */,
				0707D9A52A1453D800186248 /* RulesApp.swift in Sources */,
				07A7C9122A546EA10017E850 /* GPSlistView.swift in Sources */,
				0710BCA12D1F5BA600B24A42 /* StringExtensions.swift in Sources */,
				07D111862D1C98D70020C518 /* LocationData.swift in Sources */,
				07C717312A6435DA0014F2A8 /* startScreen.swift in Sources */,
				07FD9C572A2B8B2E009809F0 /* RulesList.swift in Sources */,
				0716DB8C2D2407E200C16258 /* CountryInfoView.swift in Sources */,
				07835FE12A5A1151008CE8F7 /* pushView.swift in Sources */,
				07F108DF2D1EF74B003EEBB6 /* RuleListES.swift in Sources */,
				07E14CAE2A33344B00B5062C /* myChecklist.swift in Sources */,
				0718517A2A76F1CD00B61C24 /* RulesListPL.swift in Sources */,
			);
			runOnlyForDeploymentPostprocessing = 0;
		};
		0707D9AD2A1453D900186248 /* Sources */ = {
			isa = PBXSourcesBuildPhase;
			buildActionMask = 2147483647;
			files = (
				0707D9B62A1453D900186248 /* RulesTests.swift in Sources */,
			);
			runOnlyForDeploymentPostprocessing = 0;
		};
		0707D9B72A1453D900186248 /* Sources */ = {
			isa = PBXSourcesBuildPhase;
			buildActionMask = 2147483647;
			files = (
				0707D9C22A1453D900186248 /* RulesUITestsLaunchTests.swift in Sources */,
				0707D9C02A1453D900186248 /* RulesUITests.swift in Sources */,
			);
			runOnlyForDeploymentPostprocessing = 0;
		};
/* End PBXSourcesBuildPhase section */

/* Begin PBXTargetDependency section */
		0707D9B32A1453D900186248 /* PBXTargetDependency */ = {
			isa = PBXTargetDependency;
			target = 0707D9A02A1453D800186248 /* Rules */;
			targetProxy = 0707D9B22A1453D900186248 /* PBXContainerItemProxy */;
		};
		0707D9BD2A1453D900186248 /* PBXTargetDependency */ = {
			isa = PBXTargetDependency;
			target = 0707D9A02A1453D800186248 /* Rules */;
			targetProxy = 0707D9BC2A1453D900186248 /* PBXContainerItemProxy */;
		};
/* End PBXTargetDependency section */

/* Begin PBXVariantGroup section */
		07F108D92D1EF419003EEBB6 /* Localizable.strings */ = {
			isa = PBXVariantGroup;
			children = (
				07F108DA2D1EF419003EEBB6 /* en */,
				07F108DC2D1EF44C003EEBB6 /* pl */,
				07F108DD2D1EF69A003EEBB6 /* es */,
			);
			name = Localizable.strings;
			sourceTree = "<group>";
		};
/* End PBXVariantGroup section */

/* Begin XCBuildConfiguration section */
		0707D9C32A1453D900186248 /* Debug */ = {
			isa = XCBuildConfiguration;
			buildSettings = {
				ALWAYS_SEARCH_USER_PATHS = NO;
				CLANG_ANALYZER_LOCALIZABILITY_NONLOCALIZED = YES;
				CLANG_ANALYZER_NONNULL = YES;
				CLANG_ANALYZER_NUMBER_OBJECT_CONVERSION = YES_AGGRESSIVE;
				CLANG_CXX_LANGUAGE_STANDARD = "gnu++20";
				CLANG_ENABLE_MODULES = YES;
				CLANG_ENABLE_OBJC_ARC = YES;
				CLANG_ENABLE_OBJC_WEAK = YES;
				CLANG_WARN_BLOCK_CAPTURE_AUTORELEASING = YES;
				CLANG_WARN_BOOL_CONVERSION = YES;
				CLANG_WARN_COMMA = YES;
				CLANG_WARN_CONSTANT_CONVERSION = YES;
				CLANG_WARN_DEPRECATED_OBJC_IMPLEMENTATIONS = YES;
				CLANG_WARN_DIRECT_OBJC_ISA_USAGE = YES_ERROR;
				CLANG_WARN_DOCUMENTATION_COMMENTS = YES;
				CLANG_WARN_EMPTY_BODY = YES;
				CLANG_WARN_ENUM_CONVERSION = YES;
				CLANG_WARN_INFINITE_RECURSION = YES;
				CLANG_WARN_INT_CONVERSION = YES;
				CLANG_WARN_NON_LITERAL_NULL_CONVERSION = YES;
				CLANG_WARN_OBJC_IMPLICIT_RETAIN_SELF = YES;
				CLANG_WARN_OBJC_LITERAL_CONVERSION = YES;
				CLANG_WARN_OBJC_ROOT_CLASS = YES_ERROR;
				CLANG_WARN_QUOTED_INCLUDE_IN_FRAMEWORK_HEADER = YES;
				CLANG_WARN_RANGE_LOOP_ANALYSIS = YES;
				CLANG_WARN_STRICT_PROTOTYPES = YES;
				CLANG_WARN_SUSPICIOUS_MOVE = YES;
				CLANG_WARN_UNGUARDED_AVAILABILITY = YES_AGGRESSIVE;
				CLANG_WARN_UNREACHABLE_CODE = YES;
				CLANG_WARN__DUPLICATE_METHOD_MATCH = YES;
				COPY_PHASE_STRIP = NO;
				DEBUG_INFORMATION_FORMAT = dwarf;
				ENABLE_STRICT_OBJC_MSGSEND = YES;
				ENABLE_TESTABILITY = YES;
				ENABLE_USER_SCRIPT_SANDBOXING = YES;
				GCC_C_LANGUAGE_STANDARD = gnu11;
				GCC_DYNAMIC_NO_PIC = NO;
				GCC_NO_COMMON_BLOCKS = YES;
				GCC_OPTIMIZATION_LEVEL = 0;
				GCC_PREPROCESSOR_DEFINITIONS = (
					"DEBUG=1",
					"$(inherited)",
				);
				GCC_WARN_64_TO_32_BIT_CONVERSION = YES;
				GCC_WARN_ABOUT_RETURN_TYPE = YES_ERROR;
				GCC_WARN_UNDECLARED_SELECTOR = YES;
				GCC_WARN_UNINITIALIZED_AUTOS = YES_AGGRESSIVE;
				GCC_WARN_UNUSED_FUNCTION = YES;
				GCC_WARN_UNUSED_VARIABLE = YES;
				IPHONEOS_DEPLOYMENT_TARGET = 16.6;
				MTL_ENABLE_DEBUG_INFO = INCLUDE_SOURCE;
				MTL_FAST_MATH = YES;
				ONLY_ACTIVE_ARCH = YES;
				SDKROOT = iphoneos;
				SWIFT_ACTIVE_COMPILATION_CONDITIONS = DEBUG;
				SWIFT_OPTIMIZATION_LEVEL = "-Onone";
			};
			name = Debug;
		};
		0707D9C42A1453D900186248 /* Release */ = {
			isa = XCBuildConfiguration;
			buildSettings = {
				ALWAYS_SEARCH_USER_PATHS = NO;
				CLANG_ANALYZER_LOCALIZABILITY_NONLOCALIZED = YES;
				CLANG_ANALYZER_NONNULL = YES;
				CLANG_ANALYZER_NUMBER_OBJECT_CONVERSION = YES_AGGRESSIVE;
				CLANG_CXX_LANGUAGE_STANDARD = "gnu++20";
				CLANG_ENABLE_MODULES = YES;
				CLANG_ENABLE_OBJC_ARC = YES;
				CLANG_ENABLE_OBJC_WEAK = YES;
				CLANG_WARN_BLOCK_CAPTURE_AUTORELEASING = YES;
				CLANG_WARN_BOOL_CONVERSION = YES;
				CLANG_WARN_COMMA = YES;
				CLANG_WARN_CONSTANT_CONVERSION = YES;
				CLANG_WARN_DEPRECATED_OBJC_IMPLEMENTATIONS = YES;
				CLANG_WARN_DIRECT_OBJC_ISA_USAGE = YES_ERROR;
				CLANG_WARN_DOCUMENTATION_COMMENTS = YES;
				CLANG_WARN_EMPTY_BODY = YES;
				CLANG_WARN_ENUM_CONVERSION = YES;
				CLANG_WARN_INFINITE_RECURSION = YES;
				CLANG_WARN_INT_CONVERSION = YES;
				CLANG_WARN_NON_LITERAL_NULL_CONVERSION = YES;
				CLANG_WARN_OBJC_IMPLICIT_RETAIN_SELF = YES;
				CLANG_WARN_OBJC_LITERAL_CONVERSION = YES;
				CLANG_WARN_OBJC_ROOT_CLASS = YES_ERROR;
				CLANG_WARN_QUOTED_INCLUDE_IN_FRAMEWORK_HEADER = YES;
				CLANG_WARN_RANGE_LOOP_ANALYSIS = YES;
				CLANG_WARN_STRICT_PROTOTYPES = YES;
				CLANG_WARN_SUSPICIOUS_MOVE = YES;
				CLANG_WARN_UNGUARDED_AVAILABILITY = YES_AGGRESSIVE;
				CLANG_WARN_UNREACHABLE_CODE = YES;
				CLANG_WARN__DUPLICATE_METHOD_MATCH = YES;
				COPY_PHASE_STRIP = NO;
				DEBUG_INFORMATION_FORMAT = "dwarf-with-dsym";
				ENABLE_NS_ASSERTIONS = NO;
				ENABLE_STRICT_OBJC_MSGSEND = YES;
				ENABLE_USER_SCRIPT_SANDBOXING = YES;
				GCC_C_LANGUAGE_STANDARD = gnu11;
				GCC_NO_COMMON_BLOCKS = YES;
				GCC_WARN_64_TO_32_BIT_CONVERSION = YES;
				GCC_WARN_ABOUT_RETURN_TYPE = YES_ERROR;
				GCC_WARN_UNDECLARED_SELECTOR = YES;
				GCC_WARN_UNINITIALIZED_AUTOS = YES_AGGRESSIVE;
				GCC_WARN_UNUSED_FUNCTION = YES;
				GCC_WARN_UNUSED_VARIABLE = YES;
				IPHONEOS_DEPLOYMENT_TARGET = 16.6;
				MTL_ENABLE_DEBUG_INFO = NO;
				MTL_FAST_MATH = YES;
				SDKROOT = iphoneos;
				SWIFT_COMPILATION_MODE = wholemodule;
				SWIFT_OPTIMIZATION_LEVEL = "-O";
				VALIDATE_PRODUCT = YES;
			};
			name = Release;
		};
		0707D9C62A1453D900186248 /* Debug */ = {
			isa = XCBuildConfiguration;
			buildSettings = {
				ASSETCATALOG_COMPILER_APPICON_NAME = AppIcon;
				ASSETCATALOG_COMPILER_GLOBAL_ACCENT_COLOR_NAME = AccentColor;
				CODE_SIGN_ENTITLEMENTS = Rules/Rules.entitlements;
				CODE_SIGN_IDENTITY = "Apple Development";
				CODE_SIGN_STYLE = Automatic;
				CURRENT_PROJECT_VERSION = 2;
				DEVELOPMENT_ASSET_PATHS = "Rules/Preview\\ Content Rules/Assets.xcassets";
				DEVELOPMENT_TEAM = 3Y79SF4PL3;
				ENABLE_PREVIEWS = YES;
				GENERATE_INFOPLIST_FILE = YES;
				INFOPLIST_FILE = Rules/Info.plist;
				INFOPLIST_KEY_LSApplicationCategoryType = "public.app-category.travel";
				INFOPLIST_KEY_NSLocationAlwaysAndWhenInUseUsageDescription = "The app needs access to your location so you can save your current location for the future.";
				INFOPLIST_KEY_NSLocationWhenInUseUsageDescription = "The app needs access to your location so you can save your current location for the future.";
				INFOPLIST_KEY_UIApplicationSceneManifest_Generation = YES;
				INFOPLIST_KEY_UIApplicationSupportsIndirectInputEvents = YES;
				INFOPLIST_KEY_UILaunchScreen_Generation = YES;
				INFOPLIST_KEY_UIRequiresFullScreen = NO;
				INFOPLIST_KEY_UIStatusBarStyle = "";
				INFOPLIST_KEY_UISupportedInterfaceOrientations = UIInterfaceOrientationPortrait;
				IPHONEOS_DEPLOYMENT_TARGET = 18.0;
				LD_RUNPATH_SEARCH_PATHS = (
					"$(inherited)",
					"@executable_path/Frameworks",
				);
				LIBRARY_SEARCH_PATHS = (
					"$(inherited)",
					"$(SDKROOT)/usr/lib/swift",
				);
				MARKETING_VERSION = 1.0;
				PRODUCT_BUNDLE_IDENTIFIER = "Mateusz-Mlynarski.Rules";
				PRODUCT_NAME = "$(TARGET_NAME)";
				PROVISIONING_PROFILE_SPECIFIER = "";
				SUPPORTED_PLATFORMS = "iphoneos iphonesimulator";
				SUPPORTS_MACCATALYST = NO;
				SUPPORTS_MAC_DESIGNED_FOR_IPHONE_IPAD = NO;
				SUPPORTS_XR_DESIGNED_FOR_IPHONE_IPAD = NO;
				SWIFT_EMIT_LOC_STRINGS = YES;
				SWIFT_VERSION = 5.0;
				TARGETED_DEVICE_FAMILY = 1;
			};
			name = Debug;
		};
		0707D9C72A1453D900186248 /* Release */ = {
			isa = XCBuildConfiguration;
			buildSettings = {
				ASSETCATALOG_COMPILER_APPICON_NAME = AppIcon;
				ASSETCATALOG_COMPILER_GLOBAL_ACCENT_COLOR_NAME = AccentColor;
				CODE_SIGN_ENTITLEMENTS = Rules/RulesRelease.entitlements;
				CODE_SIGN_IDENTITY = "Apple Development";
				CODE_SIGN_STYLE = Manual;
				CURRENT_PROJECT_VERSION = 2;
				DEVELOPMENT_ASSET_PATHS = "Rules/Preview\\ Content Rules/Assets.xcassets";
				DEVELOPMENT_TEAM = "";
				ENABLE_PREVIEWS = YES;
				GENERATE_INFOPLIST_FILE = YES;
				INFOPLIST_FILE = Rules/Info.plist;
				INFOPLIST_KEY_LSApplicationCategoryType = "public.app-category.travel";
				INFOPLIST_KEY_NSLocationAlwaysAndWhenInUseUsageDescription = "The app needs access to your location so you can save your current location for the future.";
				INFOPLIST_KEY_NSLocationWhenInUseUsageDescription = "The app needs access to your location so you can save your current location for the future.";
				INFOPLIST_KEY_UIApplicationSceneManifest_Generation = YES;
				INFOPLIST_KEY_UIApplicationSupportsIndirectInputEvents = YES;
				INFOPLIST_KEY_UILaunchScreen_Generation = YES;
				INFOPLIST_KEY_UIRequiresFullScreen = NO;
				INFOPLIST_KEY_UIStatusBarStyle = "";
				INFOPLIST_KEY_UISupportedInterfaceOrientations = UIInterfaceOrientationPortrait;
				IPHONEOS_DEPLOYMENT_TARGET = 18.0;
				LD_RUNPATH_SEARCH_PATHS = (
					"$(inherited)",
					"@executable_path/Frameworks",
				);
				LIBRARY_SEARCH_PATHS = (
					"$(inherited)",
					"$(SDKROOT)/usr/lib/swift",
				);
				MARKETING_VERSION = 1.0;
				PRODUCT_BUNDLE_IDENTIFIER = "Mateusz-Mlynarski.Rules";
				PRODUCT_NAME = "$(TARGET_NAME)";
				PROVISIONING_PROFILE_SPECIFIER = "";
				SUPPORTED_PLATFORMS = "iphoneos iphonesimulator";
				SUPPORTS_MACCATALYST = NO;
				SUPPORTS_MAC_DESIGNED_FOR_IPHONE_IPAD = NO;
				SUPPORTS_XR_DESIGNED_FOR_IPHONE_IPAD = NO;
				SWIFT_EMIT_LOC_STRINGS = YES;
				SWIFT_VERSION = 5.0;
				TARGETED_DEVICE_FAMILY = 1;
			};
			name = Release;
		};
		0707D9C92A1453D900186248 /* Debug */ = {
			isa = XCBuildConfiguration;
			buildSettings = {
				BUNDLE_LOADER = "$(TEST_HOST)";
				CODE_SIGN_STYLE = Automatic;
				CURRENT_PROJECT_VERSION = 1;
				DEVELOPMENT_TEAM = 3Y79SF4PL3;
				GENERATE_INFOPLIST_FILE = YES;
				IPHONEOS_DEPLOYMENT_TARGET = 16.4;
				MARKETING_VERSION = 1.0;
				PRODUCT_BUNDLE_IDENTIFIER = "Mateusz-Mlynarski.RulesTests";
				PRODUCT_NAME = "$(TARGET_NAME)";
				SWIFT_EMIT_LOC_STRINGS = NO;
				SWIFT_VERSION = 5.0;
				TARGETED_DEVICE_FAMILY = "1,2";
				TEST_HOST = "$(BUILT_PRODUCTS_DIR)/Rules.app/$(BUNDLE_EXECUTABLE_FOLDER_PATH)/Rules";
			};
			name = Debug;
		};
		0707D9CA2A1453D900186248 /* Release */ = {
			isa = XCBuildConfiguration;
			buildSettings = {
				BUNDLE_LOADER = "$(TEST_HOST)";
				CODE_SIGN_STYLE = Automatic;
				CURRENT_PROJECT_VERSION = 1;
				DEVELOPMENT_TEAM = 3Y79SF4PL3;
				GENERATE_INFOPLIST_FILE = YES;
				IPHONEOS_DEPLOYMENT_TARGET = 16.4;
				MARKETING_VERSION = 1.0;
				PRODUCT_BUNDLE_IDENTIFIER = "Mateusz-Mlynarski.RulesTests";
				PRODUCT_NAME = "$(TARGET_NAME)";
				SWIFT_EMIT_LOC_STRINGS = NO;
				SWIFT_VERSION = 5.0;
				TARGETED_DEVICE_FAMILY = "1,2";
				TEST_HOST = "$(BUILT_PRODUCTS_DIR)/Rules.app/$(BUNDLE_EXECUTABLE_FOLDER_PATH)/Rules";
			};
			name = Release;
		};
		0707D9CC2A1453D900186248 /* Debug */ = {
			isa = XCBuildConfiguration;
			buildSettings = {
				CODE_SIGN_STYLE = Automatic;
				CURRENT_PROJECT_VERSION = 1;
				DEVELOPMENT_TEAM = 3Y79SF4PL3;
				GENERATE_INFOPLIST_FILE = YES;
				MARKETING_VERSION = 1.0;
				PRODUCT_BUNDLE_IDENTIFIER = "Mateusz-Mlynarski.RulesUITests";
				PRODUCT_NAME = "$(TARGET_NAME)";
				SWIFT_EMIT_LOC_STRINGS = NO;
				SWIFT_VERSION = 5.0;
				TARGETED_DEVICE_FAMILY = "1,2";
				TEST_TARGET_NAME = Rules;
			};
			name = Debug;
		};
		0707D9CD2A1453D900186248 /* Release */ = {
			isa = XCBuildConfiguration;
			buildSettings = {
				CODE_SIGN_STYLE = Automatic;
				CURRENT_PROJECT_VERSION = 1;
				DEVELOPMENT_TEAM = 3Y79SF4PL3;
				GENERATE_INFOPLIST_FILE = YES;
				MARKETING_VERSION = 1.0;
				PRODUCT_BUNDLE_IDENTIFIER = "Mateusz-Mlynarski.RulesUITests";
				PRODUCT_NAME = "$(TARGET_NAME)";
				SWIFT_EMIT_LOC_STRINGS = NO;
				SWIFT_VERSION = 5.0;
				TARGETED_DEVICE_FAMILY = "1,2";
				TEST_TARGET_NAME = Rules;
			};
			name = Release;
		};
/* End XCBuildConfiguration section */

/* Begin XCConfigurationList section */
		0707D99C2A1453D800186248 /* Build configuration list for PBXProject "Travel rules" */ = {
			isa = XCConfigurationList;
			buildConfigurations = (
				0707D9C32A1453D900186248 /* Debug */,
				0707D9C42A1453D900186248 /* Release */,
			);
			defaultConfigurationIsVisible = 0;
			defaultConfigurationName = Release;
		};
		0707D9C52A1453D900186248 /* Build configuration list for PBXNativeTarget "Rules" */ = {
			isa = XCConfigurationList;
			buildConfigurations = (
				0707D9C62A1453D900186248 /* Debug */,
				0707D9C72A1453D900186248 /* Release */,
			);
			defaultConfigurationIsVisible = 0;
			defaultConfigurationName = Release;
		};
		0707D9C82A1453D900186248 /* Build configuration list for PBXNativeTarget "RulesTests" */ = {
			isa = XCConfigurationList;
			buildConfigurations = (
				0707D9C92A1453D900186248 /* Debug */,
				0707D9CA2A1453D900186248 /* Release */,
			);
			defaultConfigurationIsVisible = 0;
			defaultConfigurationName = Release;
		};
		0707D9CB2A1453D900186248 /* Build configuration list for PBXNativeTarget "RulesUITests" */ = {
			isa = XCConfigurationList;
			buildConfigurations = (
				0707D9CC2A1453D900186248 /* Debug */,
				0707D9CD2A1453D900186248 /* Release */,
			);
			defaultConfigurationIsVisible = 0;
			defaultConfigurationName = Release;
		};
/* End XCConfigurationList section */
	};
	rootObject = 0707D9992A1453D800186248 /* Project object */;
}
