// !$*UTF8*$!
{
	archiveVersion = 1;
	classes = {
	};
	objectVersion = 77;
	objects = {

/* Begin PBXBuildFile section */
		071485002D48A7000063B774 /* GoogleService-Info.plist in Resources */ = {isa = PBXBuildFile; fileRef = 071484FF2D48A7000063B774 /* GoogleService-Info.plist */; };
		071485022D48A7250063B774 /* Podfile in Resources */ = {isa = PBXBuildFile; fileRef = 071485012D48A7250063B774 /* Podfile */; };
		07211A042D29B04100B501B9 /* RulesListViewController.swift in Sources */ = {isa = PBXBuildFile; fileRef = 07211A032D29B03C00B501B9 /* RulesListViewController.swift */; };
		07211A062D29B0C000B501B9 /* SavedRulesViewController.swift in Sources */ = {isa = PBXBuildFile; fileRef = 07211A052D29B0BE00B501B9 /* SavedRulesViewController.swift */; };
		07211A082D29B0FE00B501B9 /* MyRulesViewController.swift in Sources */ = {isa = PBXBuildFile; fileRef = 07211A072D29B0FA00B501B9 /* MyRulesViewController.swift */; };
		07211A1A2D2F699800B501B9 /* KeyboardResponder.swift in Sources */ = {isa = PBXBuildFile; fileRef = 07211A192D2F699800B501B9 /* KeyboardResponder.swift */; };
		07211A1C2D2FFDB000B501B9 /* LocationManager.swift in Sources */ = {isa = PBXBuildFile; fileRef = 07211A1B2D2FFDAD00B501B9 /* LocationManager.swift */; };
		073426612D4A682A00574629 /* AuthenticationService.swift in Sources */ = {isa = PBXBuildFile; fileRef = 073426602D4A682A00574629 /* AuthenticationService.swift */; };
		073426632D4A684100574629 /* FilterView.swift in Sources */ = {isa = PBXBuildFile; fileRef = 073426622D4A684100574629 /* FilterView.swift */; };
		073426652D4A6AA700574629 /* LoginView.swift in Sources */ = {isa = PBXBuildFile; fileRef = 073426642D4A6AA700574629 /* LoginView.swift */; };
		073426672D4A6FC900574629 /* RegistrationView.swift in Sources */ = {isa = PBXBuildFile; fileRef = 073426662D4A6FC900574629 /* RegistrationView.swift */; };
		073A7B622D26F6CB0030C39B /* ThemeStyle.swift in Sources */ = {isa = PBXBuildFile; fileRef = 073A7B612D26F6C60030C39B /* ThemeStyle.swift */; };
		073A7B652D26F7260030C39B /* ThemeSelectionView.swift in Sources */ = {isa = PBXBuildFile; fileRef = 073A7B642D26F7220030C39B /* ThemeSelectionView.swift */; };
		073E03482D268917002BD119 /* PDFExporter.swift in Sources */ = {isa = PBXBuildFile; fileRef = 073E03472D268915002BD119 /* PDFExporter.swift */; };
		073E034A2D26893C002BD119 /* ExportButtonView.swift in Sources */ = {isa = PBXBuildFile; fileRef = 073E03492D268937002BD119 /* ExportButtonView.swift */; };
		073E034C2D268CD9002BD119 /* PDFConfiguration.swift in Sources */ = {isa = PBXBuildFile; fileRef = 073E034B2D268CCD002BD119 /* PDFConfiguration.swift */; };
		075B0D1C2D57ED0000F47C1D /* RuleRow.swift in Sources */ = {isa = PBXBuildFile; fileRef = 075B0D1B2D57ECBF00F47C1D /* RuleRow.swift */; };
		076C07192D60A12100C12DB1 /* ActivityView.swift in Sources */ = {isa = PBXBuildFile; fileRef = 076C07182D60A11A00C12DB1 /* ActivityView.swift */; };
		076C071B2D60A36200C12DB1 /* MyChecklistExportButtonView.swift in Sources */ = {isa = PBXBuildFile; fileRef = 076C071A2D60A36000C12DB1 /* MyChecklistExportButtonView.swift */; };
		076C071F2D60A9FA00C12DB1 /* Travel checklist.pdf in Resources */ = {isa = PBXBuildFile; fileRef = 076C071E2D60A9FA00C12DB1 /* Travel checklist.pdf */; };
		079A312A2D4A9D1D003DBC70 /* Google_Mobile_Ads_SDK.framework in Frameworks */ = {isa = PBXBuildFile; fileRef = 079A31292D4A9D1D003DBC70 /* Google_Mobile_Ads_SDK.framework */; };
		07DD83652D267182004C5C5F /* Travel rules.xcworkspace in Resources */ = {isa = PBXBuildFile; fileRef = 07DD83622D267182004C5C5F /* Travel rules.xcworkspace */; };
		07DD83662D267182004C5C5F /* Lato-Regular.ttf in Resources */ = {isa = PBXBuildFile; fileRef = 07DD83272D267182004C5C5F /* Lato-Regular.ttf */; };
		07DD83682D267182004C5C5F /* Localizable.strings in Resources */ = {isa = PBXBuildFile; fileRef = 07DD83302D267182004C5C5F /* Localizable.strings */; };
		07DD836D2D267182004C5C5F /* Lato-Light.ttf in Resources */ = {isa = PBXBuildFile; fileRef = 07DD83252D267182004C5C5F /* Lato-Light.ttf */; };
		07DD836E2D267182004C5C5F /* Podfile.lock in Resources */ = {isa = PBXBuildFile; fileRef = 07DD82EB2D267182004C5C5F /* Podfile.lock */; };
		07DD836F2D267182004C5C5F /* Lato-Thin.ttf in Resources */ = {isa = PBXBuildFile; fileRef = 07DD83282D267182004C5C5F /* Lato-Thin.ttf */; };
		07DD83712D267182004C5C5F /* Lato-Bold.ttf in Resources */ = {isa = PBXBuildFile; fileRef = 07DD83222D267182004C5C5F /* Lato-Bold.ttf */; };
		07DD83722D267182004C5C5F /* Simulator screenshots2.png in Resources */ = {isa = PBXBuildFile; fileRef = 07DD835B2D267182004C5C5F /* Simulator screenshots2.png */; };
		07DD83732D267182004C5C5F /* Assets.xcassets in Resources */ = {isa = PBXBuildFile; fileRef = 07DD83502D267182004C5C5F /* Assets.xcassets */; };
		07DD83742D267182004C5C5F /* OFL.txt in Resources */ = {isa = PBXBuildFile; fileRef = 07DD832A2D267182004C5C5F /* OFL.txt */; };
		07DD83752D267182004C5C5F /* grunge-bounce-drum-loop-40464.mp3 in Resources */ = {isa = PBXBuildFile; fileRef = 07DD83332D267182004C5C5F /* grunge-bounce-drum-loop-40464.mp3 */; };
		07DD83772D267182004C5C5F /* Lato-Black.ttf in Resources */ = {isa = PBXBuildFile; fileRef = 07DD83202D267182004C5C5F /* Lato-Black.ttf */; };
		07DD83782D267182004C5C5F /* Lato-LightItalic.ttf in Resources */ = {isa = PBXBuildFile; fileRef = 07DD83262D267182004C5C5F /* Lato-LightItalic.ttf */; };
		07DD83792D267182004C5C5F /* Simulator screenshots3.png in Resources */ = {isa = PBXBuildFile; fileRef = 07DD835C2D267182004C5C5F /* Simulator screenshots3.png */; };
		07DD837A2D267182004C5C5F /* lofi-ambient-pianoline-116134.mp3 in Resources */ = {isa = PBXBuildFile; fileRef = 07DD83342D267182004C5C5F /* lofi-ambient-pianoline-116134.mp3 */; };
		07DD837C2D267182004C5C5F /* Lato-BoldItalic.ttf in Resources */ = {isa = PBXBuildFile; fileRef = 07DD83232D267182004C5C5F /* Lato-BoldItalic.ttf */; };
		07DD837D2D267182004C5C5F /* Preview Assets.xcassets in Resources */ = {isa = PBXBuildFile; fileRef = 07DD831E2D267182004C5C5F /* Preview Assets.xcassets */; };
		07DD837E2D267182004C5C5F /* Lato-BlackItalic.ttf in Resources */ = {isa = PBXBuildFile; fileRef = 07DD83212D267182004C5C5F /* Lato-BlackItalic.ttf */; };
		07DD837F2D267182004C5C5F /* readme.md in Resources */ = {isa = PBXBuildFile; fileRef = 07DD82ED2D267182004C5C5F /* readme.md */; };
		07DD83802D267182004C5C5F /* Simulator screenshots1.png in Resources */ = {isa = PBXBuildFile; fileRef = 07DD835A2D267182004C5C5F /* Simulator screenshots1.png */; };
		07DD83812D267182004C5C5F /* Lato-Italic.ttf in Resources */ = {isa = PBXBuildFile; fileRef = 07DD83242D267182004C5C5F /* Lato-Italic.ttf */; };
		07DD83822D267182004C5C5F /* Lato-ThinItalic.ttf in Resources */ = {isa = PBXBuildFile; fileRef = 07DD83292D267182004C5C5F /* Lato-ThinItalic.ttf */; };
		07DD83852D267182004C5C5F /* ambient-wave-48-tribute-17243.mp3 in Resources */ = {isa = PBXBuildFile; fileRef = 07DD83322D267182004C5C5F /* ambient-wave-48-tribute-17243.mp3 */; };
		07DD838A2D267182004C5C5F /* CountryInfoService.swift in Sources */ = {isa = PBXBuildFile; fileRef = 07DD82FA2D267182004C5C5F /* CountryInfoService.swift */; };
		07DD838C2D267182004C5C5F /* AchievementManager.swift in Sources */ = {isa = PBXBuildFile; fileRef = 07DD83012D267182004C5C5F /* AchievementManager.swift */; };
		07DD838D2D267182004C5C5F /* BannerView.swift in Sources */ = {isa = PBXBuildFile; fileRef = 07DD83372D267182004C5C5F /* BannerView.swift */; };
		07DD838F2D267182004C5C5F /* StartScreen.swift in Sources */ = {isa = PBXBuildFile; fileRef = 07DD833D2D267182004C5C5F /* StartScreen.swift */; };
		07DD83902D267182004C5C5F /* LanguageManager.swift in Sources */ = {isa = PBXBuildFile; fileRef = 07DD82F62D267182004C5C5F /* LanguageManager.swift */; };
		07DD83912D267182004C5C5F /* MyChecklistView.swift in Sources */ = {isa = PBXBuildFile; fileRef = 07DD83182D267182004C5C5F /* MyChecklistView.swift */; };
		07DD83922D267182004C5C5F /* RuleListES.swift in Sources */ = {isa = PBXBuildFile; fileRef = 07DD83122D267182004C5C5F /* RuleListES.swift */; };
		07DD83932D267182004C5C5F /* AchievementsView.swift in Sources */ = {isa = PBXBuildFile; fileRef = 07DD83032D267182004C5C5F /* AchievementsView.swift */; };
		07DD83942D267182004C5C5F /* RulesList.swift in Sources */ = {isa = PBXBuildFile; fileRef = 07DD83132D267182004C5C5F /* RulesList.swift */; };
		07DD83962D267182004C5C5F /* SavedRuleList.swift in Sources */ = {isa = PBXBuildFile; fileRef = 07DD83192D267182004C5C5F /* SavedRuleList.swift */; };
		07DD83972D267182004C5C5F /* TravelChecklistView.swift in Sources */ = {isa = PBXBuildFile; fileRef = 07DD831A2D267182004C5C5F /* TravelChecklistView.swift */; };
		07DD83982D267182004C5C5F /* LocationData.swift in Sources */ = {isa = PBXBuildFile; fileRef = 07DD82F82D267182004C5C5F /* LocationData.swift */; };
		07DD83992D267182004C5C5F /* LocalizedView.swift in Sources */ = {isa = PBXBuildFile; fileRef = 07DD82FC2D267182004C5C5F /* LocalizedView.swift */; };
		07DD839A2D267182004C5C5F /* RulesListPL.swift in Sources */ = {isa = PBXBuildFile; fileRef = 07DD83142D267182004C5C5F /* RulesListPL.swift */; };
		07DD839B2D267182004C5C5F /* ListItem.swift in Sources */ = {isa = PBXBuildFile; fileRef = 07DD83112D267182004C5C5F /* ListItem.swift */; };
		07DD839C2D267182004C5C5F /* SavedLocationsView.swift in Sources */ = {isa = PBXBuildFile; fileRef = 07DD830D2D267182004C5C5F /* SavedLocationsView.swift */; };
		07DD839D2D267182004C5C5F /* StringExtensions.swift in Sources */ = {isa = PBXBuildFile; fileRef = 07DD82F32D267182004C5C5F /* StringExtensions.swift */; };
		07DD839E2D267182004C5C5F /* BottomNavigationBar.swift in Sources */ = {isa = PBXBuildFile; fileRef = 07DD83382D267182004C5C5F /* BottomNavigationBar.swift */; };
		07DD839F2D267182004C5C5F /* PushView.swift in Sources */ = {isa = PBXBuildFile; fileRef = 07DD833B2D267182004C5C5F /* PushView.swift */; };
		07DD83A02D267182004C5C5F /* GPSView.swift in Sources */ = {isa = PBXBuildFile; fileRef = 07DD830E2D267182004C5C5F /* GPSView.swift */; };
		07DD83A12D267182004C5C5F /* ColorExtensions.swift in Sources */ = {isa = PBXBuildFile; fileRef = 07DD82F12D267182004C5C5F /* ColorExtensions.swift */; };
		07DD83A22D267182004C5C5F /* ToastView.swift in Sources */ = {isa = PBXBuildFile; fileRef = 07DD83392D267182004C5C5F /* ToastView.swift */; };
		07DD83A32D267182004C5C5F /* SettingsView.swift in Sources */ = {isa = PBXBuildFile; fileRef = 07DD833C2D267182004C5C5F /* SettingsView.swift */; };
		07DD83A42D267182004C5C5F /* CountryInfoView.swift in Sources */ = {isa = PBXBuildFile; fileRef = 07DD83082D267182004C5C5F /* CountryInfoView.swift */; };
		07DD83A52D267182004C5C5F /* HapticManager.swift in Sources */ = {isa = PBXBuildFile; fileRef = 07DD82F52D267182004C5C5F /* HapticManager.swift */; };
		07DD83A62D267182004C5C5F /* Achievement.swift in Sources */ = {isa = PBXBuildFile; fileRef = 07DD82FF2D267182004C5C5F /* Achievement.swift */; };
		07DD83A72D267182004C5C5F /* RulesApp.swift in Sources */ = {isa = PBXBuildFile; fileRef = 07DD82EF2D267182004C5C5F /* RulesApp.swift */; };
		07DD83A82D267182004C5C5F /* HexColor.swift in Sources */ = {isa = PBXBuildFile; fileRef = 07DD82F22D267182004C5C5F /* HexColor.swift */; };
		07DD83A92D267182004C5C5F /* CustomRuleView.swift in Sources */ = {isa = PBXBuildFile; fileRef = 07DD83172D267182004C5C5F /* CustomRuleView.swift */; };
		07DD83AA2D267182004C5C5F /* CountryInfo.swift in Sources */ = {isa = PBXBuildFile; fileRef = 07DD83062D267182004C5C5F /* CountryInfo.swift */; };
		07DD83AB2D267182004C5C5F /* AppTheme.swift in Sources */ = {isa = PBXBuildFile; fileRef = 07DD834D2D267182004C5C5F /* AppTheme.swift */; };
		07DD83AC2D267182004C5C5F /* ContentView.swift in Sources */ = {isa = PBXBuildFile; fileRef = 07DD82EE2D267182004C5C5F /* ContentView.swift */; };
		07F01DC82D51FC44003CA72E /* LaunchScreen.storyboard in Resources */ = {isa = PBXBuildFile; fileRef = 07F01DC72D51FC44003CA72E /* LaunchScreen.storyboard */; };
		07F01DCC2D54C210003CA72E /* info.swift in Sources */ = {isa = PBXBuildFile; fileRef = 07F01DCB2D54C20C003CA72E /* info.swift */; };
		07FC28E42D3A85BF00A4A34A /* UserProfile.swift in Sources */ = {isa = PBXBuildFile; fileRef = 07FC28E32D3A85BC00A4A34A /* UserProfile.swift */; };
		07FC28E62D3A85C900A4A34A /* UserLocation.swift in Sources */ = {isa = PBXBuildFile; fileRef = 07FC28E52D3A85C700A4A34A /* UserLocation.swift */; };
		07FC28E82D3A85D800A4A34A /* Message.swift in Sources */ = {isa = PBXBuildFile; fileRef = 07FC28E72D3A85D500A4A34A /* Message.swift */; };
		07FC28EB2D3A860500A4A34A /* PeopleLocationService.swift in Sources */ = {isa = PBXBuildFile; fileRef = 07FC28EA2D3A860300A4A34A /* PeopleLocationService.swift */; };
		07FC28ED2D3A860F00A4A34A /* MessageService.swift in Sources */ = {isa = PBXBuildFile; fileRef = 07FC28EC2D3A860E00A4A34A /* MessageService.swift */; };
		07FC28EF2D3A862600A4A34A /* UserProfileService.swift in Sources */ = {isa = PBXBuildFile; fileRef = 07FC28EE2D3A862500A4A34A /* UserProfileService.swift */; };
		07FC28F22D3A866F00A4A34A /* PeopleMapView.swift in Sources */ = {isa = PBXBuildFile; fileRef = 07FC28F12D3A865A00A4A34A /* PeopleMapView.swift */; };
		07FC28F42D3A869100A4A34A /* NearbyPeopleListView.swift in Sources */ = {isa = PBXBuildFile; fileRef = 07FC28F32D3A868F00A4A34A /* NearbyPeopleListView.swift */; };
		07FC28F62D3A86A600A4A34A /* UserProfileView.swift in Sources */ = {isa = PBXBuildFile; fileRef = 07FC28F52D3A86A500A4A34A /* UserProfileView.swift */; };
		07FC28F82D3A86B100A4A34A /* ChatListView.swift in Sources */ = {isa = PBXBuildFile; fileRef = 07FC28F72D3A86B000A4A34A /* ChatListView.swift */; };
		07FC28FC2D3A86D900A4A34A /* LocationSharingSettingsView.swift in Sources */ = {isa = PBXBuildFile; fileRef = 07FC28FB2D3A86D800A4A34A /* LocationSharingSettingsView.swift */; };
		07FC28FE2D3A86EF00A4A34A /* PeopleTabView.swift in Sources */ = {isa = PBXBuildFile; fileRef = 07FC28FD2D3A86ED00A4A34A /* PeopleTabView.swift */; };
		07FC29002D3A8A2100A4A34A /* NearbyPerson.swift in Sources */ = {isa = PBXBuildFile; fileRef = 07FC28FF2D3A8A1400A4A34A /* NearbyPerson.swift */; };
		583EC0D98AB948860A8A1C23 /* Pods_Rules.framework in Frameworks */ = {isa = PBXBuildFile; fileRef = 51576FEBCC7CE96E7C6DF159 /* Pods_Rules.framework */; };
/* End PBXBuildFile section */

/* Begin PBXFileReference section */
		070E0F232D5DEA3000B59A53 /* grpc.framework */ = {isa = PBXFileReference; explicitFileType = wrapper.framework; path = grpc.framework; sourceTree = BUILT_PRODUCTS_DIR; };
		070E0F272D5DEA4500B59A53 /* nanopb.framework */ = {isa = PBXFileReference; explicitFileType = wrapper.framework; path = nanopb.framework; sourceTree = BUILT_PRODUCTS_DIR; };
		071484FF2D48A7000063B774 /* GoogleService-Info.plist */ = {isa = PBXFileReference; lastKnownFileType = text.plist.xml; path = "GoogleService-Info.plist"; sourceTree = "<group>"; };
		071485012D48A7250063B774 /* Podfile */ = {isa = PBXFileReference; lastKnownFileType = text; path = Podfile; sourceTree = "<group>"; xcLanguageSpecificationIdentifier = xcode.lang.ruby; };
		07211A032D29B03C00B501B9 /* RulesListViewController.swift */ = {isa = PBXFileReference; lastKnownFileType = sourcecode.swift; path = RulesListViewController.swift; sourceTree = "<group>"; };
		07211A052D29B0BE00B501B9 /* SavedRulesViewController.swift */ = {isa = PBXFileReference; lastKnownFileType = sourcecode.swift; path = SavedRulesViewController.swift; sourceTree = "<group>"; };
		07211A072D29B0FA00B501B9 /* MyRulesViewController.swift */ = {isa = PBXFileReference; lastKnownFileType = sourcecode.swift; path = MyRulesViewController.swift; sourceTree = "<group>"; };
		07211A192D2F699800B501B9 /* KeyboardResponder.swift */ = {isa = PBXFileReference; lastKnownFileType = sourcecode.swift; path = KeyboardResponder.swift; sourceTree = "<group>"; };
		07211A1B2D2FFDAD00B501B9 /* LocationManager.swift */ = {isa = PBXFileReference; lastKnownFileType = sourcecode.swift; path = LocationManager.swift; sourceTree = "<group>"; };
		072ECB322D26728B00BC81F0 /* Rules.app */ = {isa = PBXFileReference; explicitFileType = wrapper.application; includeInIndex = 0; path = Rules.app; sourceTree = BUILT_PRODUCTS_DIR; };
		073426602D4A682A00574629 /* AuthenticationService.swift */ = {isa = PBXFileReference; lastKnownFileType = sourcecode.swift; path = AuthenticationService.swift; sourceTree = "<group>"; };
		073426622D4A684100574629 /* FilterView.swift */ = {isa = PBXFileReference; lastKnownFileType = sourcecode.swift; path = FilterView.swift; sourceTree = "<group>"; };
		073426642D4A6AA700574629 /* LoginView.swift */ = {isa = PBXFileReference; lastKnownFileType = sourcecode.swift; path = LoginView.swift; sourceTree = "<group>"; };
		073426662D4A6FC900574629 /* RegistrationView.swift */ = {isa = PBXFileReference; lastKnownFileType = sourcecode.swift; path = RegistrationView.swift; sourceTree = "<group>"; };
		073A7B612D26F6C60030C39B /* ThemeStyle.swift */ = {isa = PBXFileReference; lastKnownFileType = sourcecode.swift; path = ThemeStyle.swift; sourceTree = "<group>"; };
		073A7B642D26F7220030C39B /* ThemeSelectionView.swift */ = {isa = PBXFileReference; lastKnownFileType = sourcecode.swift; path = ThemeSelectionView.swift; sourceTree = "<group>"; };
		073E03472D268915002BD119 /* PDFExporter.swift */ = {isa = PBXFileReference; lastKnownFileType = sourcecode.swift; path = PDFExporter.swift; sourceTree = "<group>"; };
		073E03492D268937002BD119 /* ExportButtonView.swift */ = {isa = PBXFileReference; lastKnownFileType = sourcecode.swift; path = ExportButtonView.swift; sourceTree = "<group>"; };
		073E034B2D268CCD002BD119 /* PDFConfiguration.swift */ = {isa = PBXFileReference; lastKnownFileType = sourcecode.swift; path = PDFConfiguration.swift; sourceTree = "<group>"; };
		0741A6A12D4CD8AC00DB6E37 /* Config.xcconfig */ = {isa = PBXFileReference; lastKnownFileType = text.xcconfig; path = Config.xcconfig; sourceTree = "<group>"; };
		075B0D1B2D57ECBF00F47C1D /* RuleRow.swift */ = {isa = PBXFileReference; lastKnownFileType = sourcecode.swift; path = RuleRow.swift; sourceTree = "<group>"; };
		076C07182D60A11A00C12DB1 /* ActivityView.swift */ = {isa = PBXFileReference; lastKnownFileType = sourcecode.swift; path = ActivityView.swift; sourceTree = "<group>"; };
		076C071A2D60A36000C12DB1 /* MyChecklistExportButtonView.swift */ = {isa = PBXFileReference; lastKnownFileType = sourcecode.swift; path = MyChecklistExportButtonView.swift; sourceTree = "<group>"; };
		076C071E2D60A9FA00C12DB1 /* Travel checklist.pdf */ = {isa = PBXFileReference; lastKnownFileType = image.pdf; path = "Travel checklist.pdf"; sourceTree = "<group>"; };
		079A31292D4A9D1D003DBC70 /* Google_Mobile_Ads_SDK.framework */ = {isa = PBXFileReference; explicitFileType = wrapper.framework; path = Google_Mobile_Ads_SDK.framework; sourceTree = BUILT_PRODUCTS_DIR; };
		079DEF4E2D4AA8A800582CD7 /* FirebaseAuth.framework */ = {isa = PBXFileReference; explicitFileType = wrapper.framework; path = FirebaseAuth.framework; sourceTree = BUILT_PRODUCTS_DIR; };
		07DD82EB2D267182004C5C5F /* Podfile.lock */ = {isa = PBXFileReference; lastKnownFileType = text; path = Podfile.lock; sourceTree = "<group>"; };
		07DD82ED2D267182004C5C5F /* readme.md */ = {isa = PBXFileReference; lastKnownFileType = net.daringfireball.markdown; path = readme.md; sourceTree = "<group>"; };
		07DD82EE2D267182004C5C5F /* ContentView.swift */ = {isa = PBXFileReference; lastKnownFileType = sourcecode.swift; path = ContentView.swift; sourceTree = "<group>"; };
		07DD82EF2D267182004C5C5F /* RulesApp.swift */ = {isa = PBXFileReference; lastKnownFileType = sourcecode.swift; path = RulesApp.swift; sourceTree = "<group>"; };
		07DD82F12D267182004C5C5F /* ColorExtensions.swift */ = {isa = PBXFileReference; lastKnownFileType = sourcecode.swift; path = ColorExtensions.swift; sourceTree = "<group>"; };
		07DD82F22D267182004C5C5F /* HexColor.swift */ = {isa = PBXFileReference; lastKnownFileType = sourcecode.swift; path = HexColor.swift; sourceTree = "<group>"; };
		07DD82F32D267182004C5C5F /* StringExtensions.swift */ = {isa = PBXFileReference; lastKnownFileType = sourcecode.swift; path = StringExtensions.swift; sourceTree = "<group>"; };
		07DD82F52D267182004C5C5F /* HapticManager.swift */ = {isa = PBXFileReference; lastKnownFileType = sourcecode.swift; path = HapticManager.swift; sourceTree = "<group>"; };
		07DD82F62D267182004C5C5F /* LanguageManager.swift */ = {isa = PBXFileReference; lastKnownFileType = sourcecode.swift; path = LanguageManager.swift; sourceTree = "<group>"; };
		07DD82F82D267182004C5C5F /* LocationData.swift */ = {isa = PBXFileReference; lastKnownFileType = sourcecode.swift; path = LocationData.swift; sourceTree = "<group>"; };
		07DD82FA2D267182004C5C5F /* CountryInfoService.swift */ = {isa = PBXFileReference; lastKnownFileType = sourcecode.swift; path = CountryInfoService.swift; sourceTree = "<group>"; };
		07DD82FC2D267182004C5C5F /* LocalizedView.swift */ = {isa = PBXFileReference; lastKnownFileType = sourcecode.swift; path = LocalizedView.swift; sourceTree = "<group>"; };
		07DD82FF2D267182004C5C5F /* Achievement.swift */ = {isa = PBXFileReference; lastKnownFileType = sourcecode.swift; path = Achievement.swift; sourceTree = "<group>"; };
		07DD83012D267182004C5C5F /* AchievementManager.swift */ = {isa = PBXFileReference; lastKnownFileType = sourcecode.swift; path = AchievementManager.swift; sourceTree = "<group>"; };
		07DD83032D267182004C5C5F /* AchievementsView.swift */ = {isa = PBXFileReference; lastKnownFileType = sourcecode.swift; path = AchievementsView.swift; sourceTree = "<group>"; };
		07DD83062D267182004C5C5F /* CountryInfo.swift */ = {isa = PBXFileReference; lastKnownFileType = sourcecode.swift; path = CountryInfo.swift; sourceTree = "<group>"; };
		07DD83082D267182004C5C5F /* CountryInfoView.swift */ = {isa = PBXFileReference; lastKnownFileType = sourcecode.swift; path = CountryInfoView.swift; sourceTree = "<group>"; };
		07DD830D2D267182004C5C5F /* SavedLocationsView.swift */ = {isa = PBXFileReference; lastKnownFileType = sourcecode.swift; path = SavedLocationsView.swift; sourceTree = "<group>"; };
		07DD830E2D267182004C5C5F /* GPSView.swift */ = {isa = PBXFileReference; lastKnownFileType = sourcecode.swift; path = GPSView.swift; sourceTree = "<group>"; };
		07DD83112D267182004C5C5F /* ListItem.swift */ = {isa = PBXFileReference; lastKnownFileType = sourcecode.swift; path = ListItem.swift; sourceTree = "<group>"; };
		07DD83122D267182004C5C5F /* RuleListES.swift */ = {isa = PBXFileReference; lastKnownFileType = sourcecode.swift; path = RuleListES.swift; sourceTree = "<group>"; };
		07DD83132D267182004C5C5F /* RulesList.swift */ = {isa = PBXFileReference; lastKnownFileType = sourcecode.swift; path = RulesList.swift; sourceTree = "<group>"; };
		07DD83142D267182004C5C5F /* RulesListPL.swift */ = {isa = PBXFileReference; lastKnownFileType = sourcecode.swift; path = RulesListPL.swift; sourceTree = "<group>"; };
		07DD83172D267182004C5C5F /* CustomRuleView.swift */ = {isa = PBXFileReference; lastKnownFileType = sourcecode.swift; path = CustomRuleView.swift; sourceTree = "<group>"; };
		07DD83182D267182004C5C5F /* MyChecklistView.swift */ = {isa = PBXFileReference; lastKnownFileType = sourcecode.swift; path = MyChecklistView.swift; sourceTree = "<group>"; };
		07DD83192D267182004C5C5F /* SavedRuleList.swift */ = {isa = PBXFileReference; lastKnownFileType = sourcecode.swift; path = SavedRuleList.swift; sourceTree = "<group>"; };
		07DD831A2D267182004C5C5F /* TravelChecklistView.swift */ = {isa = PBXFileReference; lastKnownFileType = sourcecode.swift; path = TravelChecklistView.swift; sourceTree = "<group>"; };
		07DD831E2D267182004C5C5F /* Preview Assets.xcassets */ = {isa = PBXFileReference; lastKnownFileType = folder.assetcatalog; path = "Preview Assets.xcassets"; sourceTree = "<group>"; };
		07DD83202D267182004C5C5F /* Lato-Black.ttf */ = {isa = PBXFileReference; lastKnownFileType = file; path = "Lato-Black.ttf"; sourceTree = "<group>"; };
		07DD83212D267182004C5C5F /* Lato-BlackItalic.ttf */ = {isa = PBXFileReference; lastKnownFileType = file; path = "Lato-BlackItalic.ttf"; sourceTree = "<group>"; };
		07DD83222D267182004C5C5F /* Lato-Bold.ttf */ = {isa = PBXFileReference; lastKnownFileType = file; path = "Lato-Bold.ttf"; sourceTree = "<group>"; };
		07DD83232D267182004C5C5F /* Lato-BoldItalic.ttf */ = {isa = PBXFileReference; lastKnownFileType = file; path = "Lato-BoldItalic.ttf"; sourceTree = "<group>"; };
		07DD83242D267182004C5C5F /* Lato-Italic.ttf */ = {isa = PBXFileReference; lastKnownFileType = file; path = "Lato-Italic.ttf"; sourceTree = "<group>"; };
		07DD83252D267182004C5C5F /* Lato-Light.ttf */ = {isa = PBXFileReference; lastKnownFileType = file; path = "Lato-Light.ttf"; sourceTree = "<group>"; };
		07DD83262D267182004C5C5F /* Lato-LightItalic.ttf */ = {isa = PBXFileReference; lastKnownFileType = file; path = "Lato-LightItalic.ttf"; sourceTree = "<group>"; };
		07DD83272D267182004C5C5F /* Lato-Regular.ttf */ = {isa = PBXFileReference; lastKnownFileType = file; path = "Lato-Regular.ttf"; sourceTree = "<group>"; };
		07DD83282D267182004C5C5F /* Lato-Thin.ttf */ = {isa = PBXFileReference; lastKnownFileType = file; path = "Lato-Thin.ttf"; sourceTree = "<group>"; };
		07DD83292D267182004C5C5F /* Lato-ThinItalic.ttf */ = {isa = PBXFileReference; lastKnownFileType = file; path = "Lato-ThinItalic.ttf"; sourceTree = "<group>"; };
		07DD832A2D267182004C5C5F /* OFL.txt */ = {isa = PBXFileReference; lastKnownFileType = text; path = OFL.txt; sourceTree = "<group>"; };
		07DD832D2D267182004C5C5F /* en */ = {isa = PBXFileReference; lastKnownFileType = text.plist.strings; name = en; path = en.lproj/Localizable.strings; sourceTree = "<group>"; };
		07DD832E2D267182004C5C5F /* es */ = {isa = PBXFileReference; lastKnownFileType = text.plist.strings; name = es; path = es.lproj/Localizable.strings; sourceTree = "<group>"; };
		07DD832F2D267182004C5C5F /* pl */ = {isa = PBXFileReference; lastKnownFileType = text.plist.strings; name = pl; path = pl.lproj/Localizable.strings; sourceTree = "<group>"; };
		07DD83322D267182004C5C5F /* ambient-wave-48-tribute-17243.mp3 */ = {isa = PBXFileReference; lastKnownFileType = audio.mp3; path = "ambient-wave-48-tribute-17243.mp3"; sourceTree = "<group>"; };
		07DD83332D267182004C5C5F /* grunge-bounce-drum-loop-40464.mp3 */ = {isa = PBXFileReference; lastKnownFileType = audio.mp3; path = "grunge-bounce-drum-loop-40464.mp3"; sourceTree = "<group>"; };
		07DD83342D267182004C5C5F /* lofi-ambient-pianoline-116134.mp3 */ = {isa = PBXFileReference; lastKnownFileType = audio.mp3; path = "lofi-ambient-pianoline-116134.mp3"; sourceTree = "<group>"; };
		07DD83372D267182004C5C5F /* BannerView.swift */ = {isa = PBXFileReference; lastKnownFileType = sourcecode.swift; path = BannerView.swift; sourceTree = "<group>"; };
		07DD83382D267182004C5C5F /* BottomNavigationBar.swift */ = {isa = PBXFileReference; lastKnownFileType = sourcecode.swift; path = BottomNavigationBar.swift; sourceTree = "<group>"; };
		07DD83392D267182004C5C5F /* ToastView.swift */ = {isa = PBXFileReference; lastKnownFileType = sourcecode.swift; path = ToastView.swift; sourceTree = "<group>"; };
		07DD833B2D267182004C5C5F /* PushView.swift */ = {isa = PBXFileReference; lastKnownFileType = sourcecode.swift; path = PushView.swift; sourceTree = "<group>"; };
		07DD833C2D267182004C5C5F /* SettingsView.swift */ = {isa = PBXFileReference; lastKnownFileType = sourcecode.swift; path = SettingsView.swift; sourceTree = "<group>"; };
		07DD833D2D267182004C5C5F /* StartScreen.swift */ = {isa = PBXFileReference; lastKnownFileType = sourcecode.swift; path = StartScreen.swift; sourceTree = "<group>"; };
		07DD834D2D267182004C5C5F /* AppTheme.swift */ = {isa = PBXFileReference; lastKnownFileType = sourcecode.swift; path = AppTheme.swift; sourceTree = "<group>"; };
		07DD83502D267182004C5C5F /* Assets.xcassets */ = {isa = PBXFileReference; lastKnownFileType = folder.assetcatalog; path = Assets.xcassets; sourceTree = "<group>"; };
		07DD83522D267182004C5C5F /* Rules.entitlements */ = {isa = PBXFileReference; lastKnownFileType = text.plist.entitlements; path = Rules.entitlements; sourceTree = "<group>"; };
		07DD83532D267182004C5C5F /* RulesRelease.entitlements */ = {isa = PBXFileReference; lastKnownFileType = text.plist.entitlements; path = RulesRelease.entitlements; sourceTree = "<group>"; };
		07DD835A2D267182004C5C5F /* Simulator screenshots1.png */ = {isa = PBXFileReference; lastKnownFileType = image.png; path = "Simulator screenshots1.png"; sourceTree = "<group>"; };
		07DD835B2D267182004C5C5F /* Simulator screenshots2.png */ = {isa = PBXFileReference; lastKnownFileType = image.png; path = "Simulator screenshots2.png"; sourceTree = "<group>"; };
		07DD835C2D267182004C5C5F /* Simulator screenshots3.png */ = {isa = PBXFileReference; lastKnownFileType = image.png; path = "Simulator screenshots3.png"; sourceTree = "<group>"; };
		07DD83612D267182004C5C5F /* Travel rules.xcodeproj */ = {isa = PBXFileReference; lastKnownFileType = "wrapper.pb-project"; path = "Travel rules.xcodeproj"; sourceTree = "<group>"; };
		07DD83622D267182004C5C5F /* Travel rules.xcworkspace */ = {isa = PBXFileReference; lastKnownFileType = wrapper.workspace; path = "Travel rules.xcworkspace"; sourceTree = "<group>"; };
		07F01DC52D51D979003CA72E /* Property List.plist */ = {isa = PBXFileReference; lastKnownFileType = text.plist.xml; path = "Property List.plist"; sourceTree = "<group>"; };
		07F01DC72D51FC44003CA72E /* LaunchScreen.storyboard */ = {isa = PBXFileReference; lastKnownFileType = file.storyboard; path = LaunchScreen.storyboard; sourceTree = "<group>"; };
		07F01DCB2D54C20C003CA72E /* info.swift */ = {isa = PBXFileReference; lastKnownFileType = sourcecode.swift; path = info.swift; sourceTree = "<group>"; };
		07FC28E32D3A85BC00A4A34A /* UserProfile.swift */ = {isa = PBXFileReference; lastKnownFileType = sourcecode.swift; path = UserProfile.swift; sourceTree = "<group>"; };
		07FC28E52D3A85C700A4A34A /* UserLocation.swift */ = {isa = PBXFileReference; lastKnownFileType = sourcecode.swift; path = UserLocation.swift; sourceTree = "<group>"; };
		07FC28E72D3A85D500A4A34A /* Message.swift */ = {isa = PBXFileReference; lastKnownFileType = sourcecode.swift; path = Message.swift; sourceTree = "<group>"; };
		07FC28EA2D3A860300A4A34A /* PeopleLocationService.swift */ = {isa = PBXFileReference; lastKnownFileType = sourcecode.swift; path = PeopleLocationService.swift; sourceTree = "<group>"; };
		07FC28EC2D3A860E00A4A34A /* MessageService.swift */ = {isa = PBXFileReference; lastKnownFileType = sourcecode.swift; path = MessageService.swift; sourceTree = "<group>"; };
		07FC28EE2D3A862500A4A34A /* UserProfileService.swift */ = {isa = PBXFileReference; lastKnownFileType = sourcecode.swift; path = UserProfileService.swift; sourceTree = "<group>"; };
		07FC28F12D3A865A00A4A34A /* PeopleMapView.swift */ = {isa = PBXFileReference; lastKnownFileType = sourcecode.swift; path = PeopleMapView.swift; sourceTree = "<group>"; };
		07FC28F32D3A868F00A4A34A /* NearbyPeopleListView.swift */ = {isa = PBXFileReference; lastKnownFileType = sourcecode.swift; path = NearbyPeopleListView.swift; sourceTree = "<group>"; };
		07FC28F52D3A86A500A4A34A /* UserProfileView.swift */ = {isa = PBXFileReference; lastKnownFileType = sourcecode.swift; path = UserProfileView.swift; sourceTree = "<group>"; };
		07FC28F72D3A86B000A4A34A /* ChatListView.swift */ = {isa = PBXFileReference; lastKnownFileType = sourcecode.swift; path = ChatListView.swift; sourceTree = "<group>"; };
		07FC28FB2D3A86D800A4A34A /* LocationSharingSettingsView.swift */ = {isa = PBXFileReference; lastKnownFileType = sourcecode.swift; path = LocationSharingSettingsView.swift; sourceTree = "<group>"; };
		07FC28FD2D3A86ED00A4A34A /* PeopleTabView.swift */ = {isa = PBXFileReference; lastKnownFileType = sourcecode.swift; path = PeopleTabView.swift; sourceTree = "<group>"; };
		07FC28FF2D3A8A1400A4A34A /* NearbyPerson.swift */ = {isa = PBXFileReference; lastKnownFileType = sourcecode.swift; path = NearbyPerson.swift; sourceTree = "<group>"; };
		51576FEBCC7CE96E7C6DF159 /* Pods_Rules.framework */ = {isa = PBXFileReference; explicitFileType = wrapper.framework; includeInIndex = 0; path = Pods_Rules.framework; sourceTree = BUILT_PRODUCTS_DIR; };
		856297E2B6D988EF6208F8A2 /* Pods-Rules.debug.xcconfig */ = {isa = PBXFileReference; includeInIndex = 1; lastKnownFileType = text.xcconfig; name = "Pods-Rules.debug.xcconfig"; path = "Target Support Files/Pods-Rules/Pods-Rules.debug.xcconfig"; sourceTree = "<group>"; };
		85CD48C738AE96DAA00C9512 /* Pods-Rules.release.xcconfig */ = {isa = PBXFileReference; includeInIndex = 1; lastKnownFileType = text.xcconfig; name = "Pods-Rules.release.xcconfig"; path = "Target Support Files/Pods-Rules/Pods-Rules.release.xcconfig"; sourceTree = "<group>"; };
/* End PBXFileReference section */

/* Begin PBXFrameworksBuildPhase section */
		0707D99E2A1453D800186248 /* Frameworks */ = {
			isa = PBXFrameworksBuildPhase;
			buildActionMask = 2147483647;
			files = (
				079A312A2D4A9D1D003DBC70 /* Google_Mobile_Ads_SDK.framework in Frameworks */,
				583EC0D98AB948860A8A1C23 /* Pods_Rules.framework in Frameworks */,
			);
			runOnlyForDeploymentPostprocessing = 0;
		};
/* End PBXFrameworksBuildPhase section */

/* Begin PBXGroup section */
		0707D9982A1453D800186248 = {
			isa = PBXGroup;
			children = (
				07F01DC72D51FC44003CA72E /* LaunchScreen.storyboard */,
				07F01DC52D51D979003CA72E /* Property List.plist */,
				0741A6A12D4CD8AC00DB6E37 /* Config.xcconfig */,
				071485012D48A7250063B774 /* Podfile */,
				07DD82EB2D267182004C5C5F /* Podfile.lock */,
				071484FF2D48A7000063B774 /* GoogleService-Info.plist */,
				07DD82ED2D267182004C5C5F /* readme.md */,
				07DD83542D267182004C5C5F /* Rules */,
				07DD835D2D267182004C5C5F /* Screenshots */,
				07DD83612D267182004C5C5F /* Travel rules.xcodeproj */,
				07DD83622D267182004C5C5F /* Travel rules.xcworkspace */,
				072ECB322D26728B00BC81F0 /* Rules.app */,
				9DF8F672B894140EA68A4FAA /* Pods */,
				134206E0AB2799B4F21080A0 /* Frameworks */,
			);
			sourceTree = "<group>";
		};
		07211A012D29B02300B501B9 /* ViewControllers */ = {
			isa = PBXGroup;
			children = (
				07211A022D29B03100B501B9 /* Rules */,
			);
			path = ViewControllers;
			sourceTree = "<group>";
		};
		07211A022D29B03100B501B9 /* Rules */ = {
			isa = PBXGroup;
			children = (
				076C07172D5F2F3300C12DB1 /* Lists */,
				075B0D1B2D57ECBF00F47C1D /* RuleRow.swift */,
				07F01DCB2D54C20C003CA72E /* info.swift */,
				07DD83172D267182004C5C5F /* CustomRuleView.swift */,
				07211A072D29B0FA00B501B9 /* MyRulesViewController.swift */,
				07211A052D29B0BE00B501B9 /* SavedRulesViewController.swift */,
				07DD83192D267182004C5C5F /* SavedRuleList.swift */,
				07211A032D29B03C00B501B9 /* RulesListViewController.swift */,
			);
			path = Rules;
			sourceTree = "<group>";
		};
		07211A092D29DD2A00B501B9 /* Sources */ = {
			isa = PBXGroup;
			children = (
			);
			path = Sources;
			sourceTree = "<group>";
		};
		073A7B5F2D26F6B40030C39B /* Theme */ = {
			isa = PBXGroup;
			children = (
				073A7B632D26F6ED0030C39B /* Views */,
				073A7B602D26F6BF0030C39B /* Models */,
			);
			path = Theme;
			sourceTree = "<group>";
		};
		073A7B602D26F6BF0030C39B /* Models */ = {
			isa = PBXGroup;
			children = (
				07DD834D2D267182004C5C5F /* AppTheme.swift */,
				073A7B612D26F6C60030C39B /* ThemeStyle.swift */,
			);
			path = Models;
			sourceTree = "<group>";
		};
		073A7B632D26F6ED0030C39B /* Views */ = {
			isa = PBXGroup;
			children = (
				073A7B642D26F7220030C39B /* ThemeSelectionView.swift */,
			);
			path = Views;
			sourceTree = "<group>";
		};
		073E03422D2688A1002BD119 /* Models */ = {
			isa = PBXGroup;
			children = (
				073E034B2D268CCD002BD119 /* PDFConfiguration.swift */,
			);
			path = Models;
			sourceTree = "<group>";
		};
		073E03432D2688A1002BD119 /* Services */ = {
			isa = PBXGroup;
			children = (
				073E03472D268915002BD119 /* PDFExporter.swift */,
			);
			path = Services;
			sourceTree = "<group>";
		};
		073E03442D2688A1002BD119 /* Views */ = {
			isa = PBXGroup;
			children = (
				076C071A2D60A36000C12DB1 /* MyChecklistExportButtonView.swift */,
				076C07182D60A11A00C12DB1 /* ActivityView.swift */,
				073E03492D268937002BD119 /* ExportButtonView.swift */,
			);
			path = Views;
			sourceTree = "<group>";
		};
		076C07172D5F2F3300C12DB1 /* Lists */ = {
			isa = PBXGroup;
			children = (
				07DD83122D267182004C5C5F /* RuleListES.swift */,
				07DD83132D267182004C5C5F /* RulesList.swift */,
				07DD83142D267182004C5C5F /* RulesListPL.swift */,
			);
			path = Lists;
			sourceTree = "<group>";
		};
		076C071D2D60A9EF00C12DB1 /* PDF */ = {
			isa = PBXGroup;
			children = (
				076C071E2D60A9FA00C12DB1 /* Travel checklist.pdf */,
			);
			path = PDF;
			sourceTree = "<group>";
		};
		07C968572D26881B00FC6FFB /* Export */ = {
			isa = PBXGroup;
			children = (
				073E03422D2688A1002BD119 /* Models */,
				073E03432D2688A1002BD119 /* Services */,
				073E03442D2688A1002BD119 /* Views */,
			);
			path = Export;
			sourceTree = "<group>";
		};
		07DD82F02D267182004C5C5F /* App */ = {
			isa = PBXGroup;
			children = (
				07DD82EE2D267182004C5C5F /* ContentView.swift */,
				07DD82EF2D267182004C5C5F /* RulesApp.swift */,
			);
			path = App;
			sourceTree = "<group>";
		};
		07DD82F42D267182004C5C5F /* Extensions */ = {
			isa = PBXGroup;
			children = (
				07DD82F12D267182004C5C5F /* ColorExtensions.swift */,
				07DD82F22D267182004C5C5F /* HexColor.swift */,
				07DD82F32D267182004C5C5F /* StringExtensions.swift */,
			);
			path = Extensions;
			sourceTree = "<group>";
		};
		07DD82F72D267182004C5C5F /* Managers */ = {
			isa = PBXGroup;
			children = (
				07DD82F52D267182004C5C5F /* HapticManager.swift */,
				07DD82F62D267182004C5C5F /* LanguageManager.swift */,
			);
			path = Managers;
			sourceTree = "<group>";
		};
		07DD82F92D267182004C5C5F /* Models */ = {
			isa = PBXGroup;
			children = (
			);
			path = Models;
			sourceTree = "<group>";
		};
		07DD82FB2D267182004C5C5F /* Services */ = {
			isa = PBXGroup;
			children = (
				07DD82FA2D267182004C5C5F /* CountryInfoService.swift */,
			);
			path = Services;
			sourceTree = "<group>";
		};
		07DD82FD2D267182004C5C5F /* Views */ = {
			isa = PBXGroup;
			children = (
				07DD82FC2D267182004C5C5F /* LocalizedView.swift */,
			);
			path = Views;
			sourceTree = "<group>";
		};
		07DD82FE2D267182004C5C5F /* Core */ = {
			isa = PBXGroup;
			children = (
				07DD82F42D267182004C5C5F /* Extensions */,
				07DD82F72D267182004C5C5F /* Managers */,
				07DD82F92D267182004C5C5F /* Models */,
				07DD82FB2D267182004C5C5F /* Services */,
				07DD82FD2D267182004C5C5F /* Views */,
			);
			path = Core;
			sourceTree = "<group>";
		};
		07DD83002D267182004C5C5F /* Models */ = {
			isa = PBXGroup;
			children = (
				07DD82FF2D267182004C5C5F /* Achievement.swift */,
			);
			path = Models;
			sourceTree = "<group>";
		};
		07DD83022D267182004C5C5F /* Services */ = {
			isa = PBXGroup;
			children = (
				07DD83012D267182004C5C5F /* AchievementManager.swift */,
			);
			path = Services;
			sourceTree = "<group>";
		};
		07DD83042D267182004C5C5F /* Views */ = {
			isa = PBXGroup;
			children = (
				07DD83032D267182004C5C5F /* AchievementsView.swift */,
			);
			path = Views;
			sourceTree = "<group>";
		};
		07DD83052D267182004C5C5F /* Achievements */ = {
			isa = PBXGroup;
			children = (
				07DD83002D267182004C5C5F /* Models */,
				07DD83022D267182004C5C5F /* Services */,
				07DD83042D267182004C5C5F /* Views */,
			);
			path = Achievements;
			sourceTree = "<group>";
		};
		07DD83072D267182004C5C5F /* Models */ = {
			isa = PBXGroup;
			children = (
				07DD83062D267182004C5C5F /* CountryInfo.swift */,
			);
			path = Models;
			sourceTree = "<group>";
		};
		07DD83092D267182004C5C5F /* Views */ = {
			isa = PBXGroup;
			children = (
				07DD83082D267182004C5C5F /* CountryInfoView.swift */,
			);
			path = Views;
			sourceTree = "<group>";
		};
		07DD830A2D267182004C5C5F /* CountryInfo */ = {
			isa = PBXGroup;
			children = (
				07DD83072D267182004C5C5F /* Models */,
				07DD83092D267182004C5C5F /* Views */,
			);
			path = CountryInfo;
			sourceTree = "<group>";
		};
		07DD830B2D267182004C5C5F /* Models */ = {
			isa = PBXGroup;
			children = (
				07DD82F82D267182004C5C5F /* LocationData.swift */,
				07211A1B2D2FFDAD00B501B9 /* LocationManager.swift */,
			);
			path = Models;
			sourceTree = "<group>";
		};
		07DD830C2D267182004C5C5F /* Services */ = {
			isa = PBXGroup;
			children = (
			);
			path = Services;
			sourceTree = "<group>";
		};
		07DD830F2D267182004C5C5F /* Views */ = {
			isa = PBXGroup;
			children = (
				07DD830D2D267182004C5C5F /* SavedLocationsView.swift */,
				07DD830E2D267182004C5C5F /* GPSView.swift */,
			);
			path = Views;
			sourceTree = "<group>";
		};
		07DD83102D267182004C5C5F /* GPS */ = {
			isa = PBXGroup;
			children = (
				07DD830B2D267182004C5C5F /* Models */,
				07DD830C2D267182004C5C5F /* Services */,
				07DD830F2D267182004C5C5F /* Views */,
			);
			path = GPS;
			sourceTree = "<group>";
		};
		07DD83152D267182004C5C5F /* Lists */ = {
			isa = PBXGroup;
			children = (
				07DD83112D267182004C5C5F /* ListItem.swift */,
			);
			path = Lists;
			sourceTree = "<group>";
		};
		07DD83162D267182004C5C5F /* Models */ = {
			isa = PBXGroup;
			children = (
				07DD83152D267182004C5C5F /* Lists */,
			);
			path = Models;
			sourceTree = "<group>";
		};
		07DD831B2D267182004C5C5F /* Views */ = {
			isa = PBXGroup;
			children = (
				07211A192D2F699800B501B9 /* KeyboardResponder.swift */,
				07DD83182D267182004C5C5F /* MyChecklistView.swift */,
				07DD831A2D267182004C5C5F /* TravelChecklistView.swift */,
			);
			path = Views;
			sourceTree = "<group>";
		};
		07DD831C2D267182004C5C5F /* Checklist */ = {
			isa = PBXGroup;
			children = (
				07DD83162D267182004C5C5F /* Models */,
				07DD831B2D267182004C5C5F /* Views */,
			);
			path = Checklist;
			sourceTree = "<group>";
		};
		07DD831D2D267182004C5C5F /* Features */ = {
			isa = PBXGroup;
			children = (
				07FC28DF2D3A858D00A4A34A /* People */,
				073A7B5F2D26F6B40030C39B /* Theme */,
				07C968572D26881B00FC6FFB /* Export */,
				07DD83052D267182004C5C5F /* Achievements */,
				07DD830A2D267182004C5C5F /* CountryInfo */,
				07DD83102D267182004C5C5F /* GPS */,
				07DD831C2D267182004C5C5F /* Checklist */,
			);
			path = Features;
			sourceTree = "<group>";
		};
		07DD831F2D267182004C5C5F /* Preview Content */ = {
			isa = PBXGroup;
			children = (
				07DD831E2D267182004C5C5F /* Preview Assets.xcassets */,
			);
			path = "Preview Content";
			sourceTree = "<group>";
		};
		07DD832B2D267182004C5C5F /* Lato */ = {
			isa = PBXGroup;
			children = (
				07DD83202D267182004C5C5F /* Lato-Black.ttf */,
				07DD83212D267182004C5C5F /* Lato-BlackItalic.ttf */,
				07DD83222D267182004C5C5F /* Lato-Bold.ttf */,
				07DD83232D267182004C5C5F /* Lato-BoldItalic.ttf */,
				07DD83242D267182004C5C5F /* Lato-Italic.ttf */,
				07DD83252D267182004C5C5F /* Lato-Light.ttf */,
				07DD83262D267182004C5C5F /* Lato-LightItalic.ttf */,
				07DD83272D267182004C5C5F /* Lato-Regular.ttf */,
				07DD83282D267182004C5C5F /* Lato-Thin.ttf */,
				07DD83292D267182004C5C5F /* Lato-ThinItalic.ttf */,
				07DD832A2D267182004C5C5F /* OFL.txt */,
			);
			path = Lato;
			sourceTree = "<group>";
		};
		07DD832C2D267182004C5C5F /* Fonts */ = {
			isa = PBXGroup;
			children = (
				07DD832B2D267182004C5C5F /* Lato */,
			);
			path = Fonts;
			sourceTree = "<group>";
		};
		07DD83312D267182004C5C5F /* Localization */ = {
			isa = PBXGroup;
			children = (
				07DD83302D267182004C5C5F /* Localizable.strings */,
			);
			path = Localization;
			sourceTree = "<group>";
		};
		07DD83352D267182004C5C5F /* Sounds */ = {
			isa = PBXGroup;
			children = (
				07DD83322D267182004C5C5F /* ambient-wave-48-tribute-17243.mp3 */,
				07DD83332D267182004C5C5F /* grunge-bounce-drum-loop-40464.mp3 */,
				07DD83342D267182004C5C5F /* lofi-ambient-pianoline-116134.mp3 */,
			);
			path = Sounds;
			sourceTree = "<group>";
		};
		07DD83362D267182004C5C5F /* Resources */ = {
			isa = PBXGroup;
			children = (
				076C071D2D60A9EF00C12DB1 /* PDF */,
				07DD832C2D267182004C5C5F /* Fonts */,
				07DD83312D267182004C5C5F /* Localization */,
				07DD83352D267182004C5C5F /* Sounds */,
			);
			path = Resources;
			sourceTree = "<group>";
		};
		07DD833A2D267182004C5C5F /* Components */ = {
			isa = PBXGroup;
			children = (
				07DD83372D267182004C5C5F /* BannerView.swift */,
				07DD83382D267182004C5C5F /* BottomNavigationBar.swift */,
				07DD83392D267182004C5C5F /* ToastView.swift */,
			);
			path = Components;
			sourceTree = "<group>";
		};
		07DD833E2D267182004C5C5F /* Screens */ = {
			isa = PBXGroup;
			children = (
				07DD833B2D267182004C5C5F /* PushView.swift */,
				07DD833C2D267182004C5C5F /* SettingsView.swift */,
				07DD833D2D267182004C5C5F /* StartScreen.swift */,
			);
			path = Screens;
			sourceTree = "<group>";
		};
		07DD834F2D267182004C5C5F /* UI */ = {
			isa = PBXGroup;
			children = (
				07DD833A2D267182004C5C5F /* Components */,
				07DD833E2D267182004C5C5F /* Screens */,
			);
			path = UI;
			sourceTree = "<group>";
		};
		07DD83542D267182004C5C5F /* Rules */ = {
			isa = PBXGroup;
			children = (
				07DD82F02D267182004C5C5F /* App */,
				07211A092D29DD2A00B501B9 /* Sources */,
				07211A012D29B02300B501B9 /* ViewControllers */,
				07DD82FE2D267182004C5C5F /* Core */,
				07DD831D2D267182004C5C5F /* Features */,
				07DD834F2D267182004C5C5F /* UI */,
				07DD83362D267182004C5C5F /* Resources */,
				07DD831F2D267182004C5C5F /* Preview Content */,
				07DD83502D267182004C5C5F /* Assets.xcassets */,
				07DD83522D267182004C5C5F /* Rules.entitlements */,
				07DD83532D267182004C5C5F /* RulesRelease.entitlements */,
			);
			path = Rules;
			sourceTree = "<group>";
		};
		07DD835D2D267182004C5C5F /* Screenshots */ = {
			isa = PBXGroup;
			children = (
				07DD835A2D267182004C5C5F /* Simulator screenshots1.png */,
				07DD835B2D267182004C5C5F /* Simulator screenshots2.png */,
				07DD835C2D267182004C5C5F /* Simulator screenshots3.png */,
			);
			path = Screenshots;
			sourceTree = "<group>";
		};
		07DD83632D267182004C5C5F /* Products */ = {
			isa = PBXGroup;
			children = (
			);
			name = Products;
			sourceTree = "<group>";
		};
		07FC28DF2D3A858D00A4A34A /* People */ = {
			isa = PBXGroup;
			children = (
				07FC28FD2D3A86ED00A4A34A /* PeopleTabView.swift */,
				07FC28E22D3A85AF00A4A34A /* Models */,
				07FC28E92D3A85E100A4A34A /* Services */,
				07FC28F02D3A863000A4A34A /* Views */,
			);
			path = People;
			sourceTree = "<group>";
		};
		07FC28E22D3A85AF00A4A34A /* Models */ = {
			isa = PBXGroup;
			children = (
				07FC28FF2D3A8A1400A4A34A /* NearbyPerson.swift */,
				07FC28E72D3A85D500A4A34A /* Message.swift */,
				07FC28E52D3A85C700A4A34A /* UserLocation.swift */,
				07FC28E32D3A85BC00A4A34A /* UserProfile.swift */,
			);
			path = Models;
			sourceTree = "<group>";
		};
		07FC28E92D3A85E100A4A34A /* Services */ = {
			isa = PBXGroup;
			children = (
				073426602D4A682A00574629 /* AuthenticationService.swift */,
				07FC28EE2D3A862500A4A34A /* UserProfileService.swift */,
				07FC28EC2D3A860E00A4A34A /* MessageService.swift */,
				07FC28EA2D3A860300A4A34A /* PeopleLocationService.swift */,
			);
			path = Services;
			sourceTree = "<group>";
		};
		07FC28F02D3A863000A4A34A /* Views */ = {
			isa = PBXGroup;
			children = (
				07FC28FB2D3A86D800A4A34A /* LocationSharingSettingsView.swift */,
				073426622D4A684100574629 /* FilterView.swift */,
				07FC28F72D3A86B000A4A34A /* ChatListView.swift */,
				073426642D4A6AA700574629 /* LoginView.swift */,
				073426662D4A6FC900574629 /* RegistrationView.swift */,
				07FC28F52D3A86A500A4A34A /* UserProfileView.swift */,
				07FC28F32D3A868F00A4A34A /* NearbyPeopleListView.swift */,
				07FC28F12D3A865A00A4A34A /* PeopleMapView.swift */,
			);
			path = Views;
			sourceTree = "<group>";
		};
		134206E0AB2799B4F21080A0 /* Frameworks */ = {
			isa = PBXGroup;
			children = (
				070E0F272D5DEA4500B59A53 /* nanopb.framework */,
				070E0F232D5DEA3000B59A53 /* grpc.framework */,
				079DEF4E2D4AA8A800582CD7 /* FirebaseAuth.framework */,
				079A31292D4A9D1D003DBC70 /* Google_Mobile_Ads_SDK.framework */,
				51576FEBCC7CE96E7C6DF159 /* Pods_Rules.framework */,
			);
			name = Frameworks;
			sourceTree = "<group>";
		};
		9DF8F672B894140EA68A4FAA /* Pods */ = {
			isa = PBXGroup;
			children = (
				856297E2B6D988EF6208F8A2 /* Pods-Rules.debug.xcconfig */,
				85CD48C738AE96DAA00C9512 /* Pods-Rules.release.xcconfig */,
			);
			path = Pods;
			sourceTree = "<group>";
		};
/* End PBXGroup section */

/* Begin PBXNativeTarget section */
		0707D9A02A1453D800186248 /* Rules */ = {
			isa = PBXNativeTarget;
			buildConfigurationList = 0707D9C52A1453D900186248 /* Build configuration list for PBXNativeTarget "Rules" */;
			buildPhases = (
				875F554DF08103718E1E4A58 /* [CP] Check Pods Manifest.lock */,
				0707D99D2A1453D800186248 /* Sources */,
				0707D99E2A1453D800186248 /* Frameworks */,
				0707D99F2A1453D800186248 /* Resources */,
				F0A839569AF4A46CBF4A4A09 /* [CP] Embed Pods Frameworks */,
				E771B1FB11F14529EF3A57FB /* [CP] Copy Pods Resources */,
			);
			buildRules = (
			);
			dependencies = (
			);
			name = Rules;
			productName = Rules;
			productReference = 072ECB322D26728B00BC81F0 /* Rules.app */;
			productType = "com.apple.product-type.application";
		};
/* End PBXNativeTarget section */

/* Begin PBXProject section */
		0707D9992A1453D800186248 /* Project object */ = {
			isa = PBXProject;
			attributes = {
				BuildIndependentTargetsInParallel = 1;
				LastSwiftUpdateCheck = 1430;
				LastUpgradeCheck = 1620;
				TargetAttributes = {
					0707D9A02A1453D800186248 = {
						CreatedOnToolsVersion = 14.3;
					};
				};
			};
			buildConfigurationList = 0707D99C2A1453D800186248 /* Build configuration list for PBXProject "Travel rules" */;
			developmentRegion = en;
			hasScannedForEncodings = 0;
			knownRegions = (
				en,
				pl,
				Base,
				es,
			);
			mainGroup = 0707D9982A1453D800186248;
			preferredProjectObjectVersion = 77;
			productRefGroup = 0707D9982A1453D800186248;
			projectDirPath = "";
			projectReferences = (
				{
					ProductGroup = 07DD83632D267182004C5C5F /* Products */;
					ProjectRef = 07DD83612D267182004C5C5F /* Travel rules.xcodeproj */;
				},
			);
			projectRoot = "";
			targets = (
				0707D9A02A1453D800186248 /* Rules */,
			);
		};
/* End PBXProject section */

/* Begin PBXResourcesBuildPhase section */
		0707D99F2A1453D800186248 /* Resources */ = {
			isa = PBXResourcesBuildPhase;
			buildActionMask = 2147483647;
			files = (
				07F01DC82D51FC44003CA72E /* LaunchScreen.storyboard in Resources */,
				07DD83652D267182004C5C5F /* Travel rules.xcworkspace in Resources */,
				07DD83662D267182004C5C5F /* Lato-Regular.ttf in Resources */,
				07DD83682D267182004C5C5F /* Localizable.strings in Resources */,
				076C071F2D60A9FA00C12DB1 /* Travel checklist.pdf in Resources */,
				07DD836D2D267182004C5C5F /* Lato-Light.ttf in Resources */,
				07DD836E2D267182004C5C5F /* Podfile.lock in Resources */,
				07DD836F2D267182004C5C5F /* Lato-Thin.ttf in Resources */,
				07DD83712D267182004C5C5F /* Lato-Bold.ttf in Resources */,
				07DD83722D267182004C5C5F /* Simulator screenshots2.png in Resources */,
				07DD83732D267182004C5C5F /* Assets.xcassets in Resources */,
				07DD83742D267182004C5C5F /* OFL.txt in Resources */,
				07DD83752D267182004C5C5F /* grunge-bounce-drum-loop-40464.mp3 in Resources */,
				07DD83772D267182004C5C5F /* Lato-Black.ttf in Resources */,
				07DD83782D267182004C5C5F /* Lato-LightItalic.ttf in Resources */,
				071485002D48A7000063B774 /* GoogleService-Info.plist in Resources */,
				07DD83792D267182004C5C5F /* Simulator screenshots3.png in Resources */,
				07DD837A2D267182004C5C5F /* lofi-ambient-pianoline-116134.mp3 in Resources */,
				07DD837C2D267182004C5C5F /* Lato-BoldItalic.ttf in Resources */,
				07DD837D2D267182004C5C5F /* Preview Assets.xcassets in Resources */,
				07DD837E2D267182004C5C5F /* Lato-BlackItalic.ttf in Resources */,
				07DD837F2D267182004C5C5F /* readme.md in Resources */,
				07DD83802D267182004C5C5F /* Simulator screenshots1.png in Resources */,
				07DD83812D267182004C5C5F /* Lato-Italic.ttf in Resources */,
				07DD83822D267182004C5C5F /* Lato-ThinItalic.ttf in Resources */,
				071485022D48A7250063B774 /* Podfile in Resources */,
				07DD83852D267182004C5C5F /* ambient-wave-48-tribute-17243.mp3 in Resources */,
			);
			runOnlyForDeploymentPostprocessing = 0;
		};
/* End PBXResourcesBuildPhase section */

/* Begin PBXShellScriptBuildPhase section */
		875F554DF08103718E1E4A58 /* [CP] Check Pods Manifest.lock */ = {
			isa = PBXShellScriptBuildPhase;
			buildActionMask = 2147483647;
			files = (
			);
			inputFileListPaths = (
			);
			inputPaths = (
				"${PODS_PODFILE_DIR_PATH}/Podfile.lock",
				"${PODS_ROOT}/Manifest.lock",
			);
			name = "[CP] Check Pods Manifest.lock";
			outputFileListPaths = (
			);
			outputPaths = (
				"$(DERIVED_FILE_DIR)/Pods-Rules-checkManifestLockResult.txt",
			);
			runOnlyForDeploymentPostprocessing = 0;
			shellPath = /bin/sh;
			shellScript = "diff \"${PODS_PODFILE_DIR_PATH}/Podfile.lock\" \"${PODS_ROOT}/Manifest.lock\" > /dev/null\nif [ $? != 0 ] ; then\n    # print error to STDERR\n    echo \"error: The sandbox is not in sync with the Podfile.lock. Run 'pod install' or update your CocoaPods installation.\" >&2\n    exit 1\nfi\n# This output is used by Xcode 'outputs' to avoid re-running this script phase.\necho \"SUCCESS\" > \"${SCRIPT_OUTPUT_FILE_0}\"\n";
			showEnvVarsInLog = 0;
		};
		E771B1FB11F14529EF3A57FB /* [CP] Copy Pods Resources */ = {
			isa = PBXShellScriptBuildPhase;
			buildActionMask = 2147483647;
			files = (
			);
			inputFileListPaths = (
				"${PODS_ROOT}/Target Support Files/Pods-Rules/Pods-Rules-resources-${CONFIGURATION}-input-files.xcfilelist",
			);
			name = "[CP] Copy Pods Resources";
			outputFileListPaths = (
				"${PODS_ROOT}/Target Support Files/Pods-Rules/Pods-Rules-resources-${CONFIGURATION}-output-files.xcfilelist",
			);
			runOnlyForDeploymentPostprocessing = 0;
			shellPath = /bin/sh;
			shellScript = "\"${PODS_ROOT}/Target Support Files/Pods-Rules/Pods-Rules-resources.sh\"\n";
			showEnvVarsInLog = 0;
		};
		F0A839569AF4A46CBF4A4A09 /* [CP] Embed Pods Frameworks */ = {
			isa = PBXShellScriptBuildPhase;
			buildActionMask = 2147483647;
			files = (
			);
			inputFileListPaths = (
				"${PODS_ROOT}/Target Support Files/Pods-Rules/Pods-Rules-frameworks-${CONFIGURATION}-input-files.xcfilelist",
			);
			name = "[CP] Embed Pods Frameworks";
			outputFileListPaths = (
				"${PODS_ROOT}/Target Support Files/Pods-Rules/Pods-Rules-frameworks-${CONFIGURATION}-output-files.xcfilelist",
			);
			runOnlyForDeploymentPostprocessing = 0;
			shellPath = /bin/sh;
			shellScript = "\"${PODS_ROOT}/Target Support Files/Pods-Rules/Pods-Rules-frameworks.sh\"\n";
			showEnvVarsInLog = 0;
		};
/* End PBXShellScriptBuildPhase section */

/* Begin PBXSourcesBuildPhase section */
		0707D99D2A1453D800186248 /* Sources */ = {
			isa = PBXSourcesBuildPhase;
			buildActionMask = 2147483647;
			files = (
				07211A1C2D2FFDB000B501B9 /* LocationManager.swift in Sources */,
				07211A042D29B04100B501B9 /* RulesListViewController.swift in Sources */,
				07DD838A2D267182004C5C5F /* CountryInfoService.swift in Sources */,
				07211A062D29B0C000B501B9 /* SavedRulesViewController.swift in Sources */,
				07DD838C2D267182004C5C5F /* AchievementManager.swift in Sources */,
				07DD838D2D267182004C5C5F /* BannerView.swift in Sources */,
				07DD838F2D267182004C5C5F /* StartScreen.swift in Sources */,
				07DD83902D267182004C5C5F /* LanguageManager.swift in Sources */,
				07DD83912D267182004C5C5F /* MyChecklistView.swift in Sources */,
				073E034A2D26893C002BD119 /* ExportButtonView.swift in Sources */,
				07DD83922D267182004C5C5F /* RuleListES.swift in Sources */,
				07FC28EF2D3A862600A4A34A /* UserProfileService.swift in Sources */,
				07DD83932D267182004C5C5F /* AchievementsView.swift in Sources */,
				07FC28F42D3A869100A4A34A /* NearbyPeopleListView.swift in Sources */,
				076C071B2D60A36200C12DB1 /* MyChecklistExportButtonView.swift in Sources */,
				07DD83942D267182004C5C5F /* RulesList.swift in Sources */,
				073426612D4A682A00574629 /* AuthenticationService.swift in Sources */,
				075B0D1C2D57ED0000F47C1D /* RuleRow.swift in Sources */,
				07DD83962D267182004C5C5F /* SavedRuleList.swift in Sources */,
				073E03482D268917002BD119 /* PDFExporter.swift in Sources */,
				07211A082D29B0FE00B501B9 /* MyRulesViewController.swift in Sources */,
				07FC28E42D3A85BF00A4A34A /* UserProfile.swift in Sources */,
				07FC28E82D3A85D800A4A34A /* Message.swift in Sources */,
				07DD83972D267182004C5C5F /* TravelChecklistView.swift in Sources */,
				07DD83982D267182004C5C5F /* LocationData.swift in Sources */,
				07DD83992D267182004C5C5F /* LocalizedView.swift in Sources */,
				07DD839A2D267182004C5C5F /* RulesListPL.swift in Sources */,
				07DD839B2D267182004C5C5F /* ListItem.swift in Sources */,
				07DD839C2D267182004C5C5F /* SavedLocationsView.swift in Sources */,
				07DD839D2D267182004C5C5F /* StringExtensions.swift in Sources */,
				07DD839E2D267182004C5C5F /* BottomNavigationBar.swift in Sources */,
				073E034C2D268CD9002BD119 /* PDFConfiguration.swift in Sources */,
				07FC28FC2D3A86D900A4A34A /* LocationSharingSettingsView.swift in Sources */,
				07DD839F2D267182004C5C5F /* PushView.swift in Sources */,
				07DD83A02D267182004C5C5F /* GPSView.swift in Sources */,
				07FC28F62D3A86A600A4A34A /* UserProfileView.swift in Sources */,
				07DD83A12D267182004C5C5F /* ColorExtensions.swift in Sources */,
				07DD83A22D267182004C5C5F /* ToastView.swift in Sources */,
				07DD83A32D267182004C5C5F /* SettingsView.swift in Sources */,
				073426632D4A684100574629 /* FilterView.swift in Sources */,
				073426672D4A6FC900574629 /* RegistrationView.swift in Sources */,
				07FC29002D3A8A2100A4A34A /* NearbyPerson.swift in Sources */,
				07FC28F22D3A866F00A4A34A /* PeopleMapView.swift in Sources */,
				07DD83A42D267182004C5C5F /* CountryInfoView.swift in Sources */,
				073426652D4A6AA700574629 /* LoginView.swift in Sources */,
				07211A1A2D2F699800B501B9 /* KeyboardResponder.swift in Sources */,
				073A7B652D26F7260030C39B /* ThemeSelectionView.swift in Sources */,
				07DD83A52D267182004C5C5F /* HapticManager.swift in Sources */,
				07FC28ED2D3A860F00A4A34A /* MessageService.swift in Sources */,
				07DD83A62D267182004C5C5F /* Achievement.swift in Sources */,
				07DD83A72D267182004C5C5F /* RulesApp.swift in Sources */,
				07FC28F82D3A86B100A4A34A /* ChatListView.swift in Sources */,
				07DD83A82D267182004C5C5F /* HexColor.swift in Sources */,
				07FC28FE2D3A86EF00A4A34A /* PeopleTabView.swift in Sources */,
				07FC28E62D3A85C900A4A34A /* UserLocation.swift in Sources */,
				073A7B622D26F6CB0030C39B /* ThemeStyle.swift in Sources */,
				07DD83A92D267182004C5C5F /* CustomRuleView.swift in Sources */,
				07F01DCC2D54C210003CA72E /* info.swift in Sources */,
				076C07192D60A12100C12DB1 /* ActivityView.swift in Sources */,
				07DD83AA2D267182004C5C5F /* CountryInfo.swift in Sources */,
				07FC28EB2D3A860500A4A34A /* PeopleLocationService.swift in Sources */,
				07DD83AB2D267182004C5C5F /* AppTheme.swift in Sources */,
				07DD83AC2D267182004C5C5F /* ContentView.swift in Sources */,
			);
			runOnlyForDeploymentPostprocessing = 0;
		};
/* End PBXSourcesBuildPhase section */

/* Begin PBXVariantGroup section */
		07DD83302D267182004C5C5F /* Localizable.strings */ = {
			isa = PBXVariantGroup;
			children = (
				07DD832D2D267182004C5C5F /* en */,
				07DD832E2D267182004C5C5F /* es */,
				07DD832F2D267182004C5C5F /* pl */,
			);
			name = Localizable.strings;
			sourceTree = "<group>";
		};
/* End PBXVariantGroup section */

/* Begin XCBuildConfiguration section */
		0707D9C32A1453D900186248 /* Debug */ = {
			isa = XCBuildConfiguration;
			buildSettings = {
				ALWAYS_SEARCH_USER_PATHS = NO;
				CLANG_ANALYZER_LOCALIZABILITY_NONLOCALIZED = YES;
				CLANG_ANALYZER_NONNULL = YES;
				CLANG_ANALYZER_NUMBER_OBJECT_CONVERSION = YES_AGGRESSIVE;
				CLANG_CXX_LANGUAGE_STANDARD = "gnu++20";
				CLANG_ENABLE_MODULES = YES;
				CLANG_ENABLE_OBJC_ARC = YES;
				CLANG_ENABLE_OBJC_WEAK = YES;
				CLANG_WARN_BLOCK_CAPTURE_AUTORELEASING = YES;
				CLANG_WARN_BOOL_CONVERSION = YES;
				CLANG_WARN_COMMA = YES;
				CLANG_WARN_CONSTANT_CONVERSION = YES;
				CLANG_WARN_DEPRECATED_OBJC_IMPLEMENTATIONS = YES;
				CLANG_WARN_DIRECT_OBJC_ISA_USAGE = YES_ERROR;
				CLANG_WARN_DOCUMENTATION_COMMENTS = YES;
				CLANG_WARN_EMPTY_BODY = YES;
				CLANG_WARN_ENUM_CONVERSION = YES;
				CLANG_WARN_INFINITE_RECURSION = YES;
				CLANG_WARN_INT_CONVERSION = YES;
				CLANG_WARN_NON_LITERAL_NULL_CONVERSION = YES;
				CLANG_WARN_OBJC_IMPLICIT_RETAIN_SELF = YES;
				CLANG_WARN_OBJC_LITERAL_CONVERSION = YES;
				CLANG_WARN_OBJC_ROOT_CLASS = YES_ERROR;
				CLANG_WARN_QUOTED_INCLUDE_IN_FRAMEWORK_HEADER = YES;
				CLANG_WARN_RANGE_LOOP_ANALYSIS = YES;
				CLANG_WARN_STRICT_PROTOTYPES = YES;
				CLANG_WARN_SUSPICIOUS_MOVE = YES;
				CLANG_WARN_UNGUARDED_AVAILABILITY = YES_AGGRESSIVE;
				CLANG_WARN_UNREACHABLE_CODE = YES;
				CLANG_WARN__DUPLICATE_METHOD_MATCH = YES;
				COPY_PHASE_STRIP = NO;
				DEBUG_INFORMATION_FORMAT = dwarf;
				ENABLE_STRICT_OBJC_MSGSEND = YES;
				ENABLE_TESTABILITY = YES;
				ENABLE_USER_SCRIPT_SANDBOXING = NO;
				GCC_C_LANGUAGE_STANDARD = gnu11;
				GCC_DYNAMIC_NO_PIC = NO;
				GCC_NO_COMMON_BLOCKS = YES;
				GCC_OPTIMIZATION_LEVEL = 0;
				GCC_PREPROCESSOR_DEFINITIONS = (
					"DEBUG=1",
					"$(inherited)",
				);
				GCC_WARN_64_TO_32_BIT_CONVERSION = YES;
				GCC_WARN_ABOUT_RETURN_TYPE = YES_ERROR;
				GCC_WARN_UNDECLARED_SELECTOR = YES;
				GCC_WARN_UNINITIALIZED_AUTOS = YES_AGGRESSIVE;
				GCC_WARN_UNUSED_FUNCTION = YES;
				GCC_WARN_UNUSED_VARIABLE = YES;
				IPHONEOS_DEPLOYMENT_TARGET = 16.6;
				MTL_ENABLE_DEBUG_INFO = INCLUDE_SOURCE;
				MTL_FAST_MATH = YES;
				ONLY_ACTIVE_ARCH = YES;
				SDKROOT = iphoneos;
				SWIFT_ACTIVE_COMPILATION_CONDITIONS = DEBUG;
				SWIFT_OPTIMIZATION_LEVEL = "-Onone";
			};
			name = Debug;
		};
		0707D9C42A1453D900186248 /* Release */ = {
			isa = XCBuildConfiguration;
			buildSettings = {
				ALWAYS_SEARCH_USER_PATHS = NO;
				CLANG_ANALYZER_LOCALIZABILITY_NONLOCALIZED = YES;
				CLANG_ANALYZER_NONNULL = YES;
				CLANG_ANALYZER_NUMBER_OBJECT_CONVERSION = YES_AGGRESSIVE;
				CLANG_CXX_LANGUAGE_STANDARD = "gnu++20";
				CLANG_ENABLE_MODULES = YES;
				CLANG_ENABLE_OBJC_ARC = YES;
				CLANG_ENABLE_OBJC_WEAK = YES;
				CLANG_WARN_BLOCK_CAPTURE_AUTORELEASING = YES;
				CLANG_WARN_BOOL_CONVERSION = YES;
				CLANG_WARN_COMMA = YES;
				CLANG_WARN_CONSTANT_CONVERSION = YES;
				CLANG_WARN_DEPRECATED_OBJC_IMPLEMENTATIONS = YES;
				CLANG_WARN_DIRECT_OBJC_ISA_USAGE = YES_ERROR;
				CLANG_WARN_DOCUMENTATION_COMMENTS = YES;
				CLANG_WARN_EMPTY_BODY = YES;
				CLANG_WARN_ENUM_CONVERSION = YES;
				CLANG_WARN_INFINITE_RECURSION = YES;
				CLANG_WARN_INT_CONVERSION = YES;
				CLANG_WARN_NON_LITERAL_NULL_CONVERSION = YES;
				CLANG_WARN_OBJC_IMPLICIT_RETAIN_SELF = YES;
				CLANG_WARN_OBJC_LITERAL_CONVERSION = YES;
				CLANG_WARN_OBJC_ROOT_CLASS = YES_ERROR;
				CLANG_WARN_QUOTED_INCLUDE_IN_FRAMEWORK_HEADER = YES;
				CLANG_WARN_RANGE_LOOP_ANALYSIS = YES;
				CLANG_WARN_STRICT_PROTOTYPES = YES;
				CLANG_WARN_SUSPICIOUS_MOVE = YES;
				CLANG_WARN_UNGUARDED_AVAILABILITY = YES_AGGRESSIVE;
				CLANG_WARN_UNREACHABLE_CODE = YES;
				CLANG_WARN__DUPLICATE_METHOD_MATCH = YES;
				COPY_PHASE_STRIP = NO;
				DEBUG_INFORMATION_FORMAT = "dwarf-with-dsym";
				ENABLE_NS_ASSERTIONS = NO;
				ENABLE_STRICT_OBJC_MSGSEND = YES;
				ENABLE_USER_SCRIPT_SANDBOXING = NO;
				GCC_C_LANGUAGE_STANDARD = gnu11;
				GCC_NO_COMMON_BLOCKS = YES;
				GCC_WARN_64_TO_32_BIT_CONVERSION = YES;
				GCC_WARN_ABOUT_RETURN_TYPE = YES_ERROR;
				GCC_WARN_UNDECLARED_SELECTOR = YES;
				GCC_WARN_UNINITIALIZED_AUTOS = YES_AGGRESSIVE;
				GCC_WARN_UNUSED_FUNCTION = YES;
				GCC_WARN_UNUSED_VARIABLE = YES;
				IPHONEOS_DEPLOYMENT_TARGET = 16.6;
				MTL_ENABLE_DEBUG_INFO = NO;
				MTL_FAST_MATH = YES;
				ONLY_ACTIVE_ARCH = NO;
				SDKROOT = iphoneos;
				SWIFT_COMPILATION_MODE = wholemodule;
				SWIFT_OPTIMIZATION_LEVEL = "-O";
				VALIDATE_PRODUCT = YES;
			};
			name = Release;
		};
		0707D9C62A1453D900186248 /* Debug */ = {
			isa = XCBuildConfiguration;
			baseConfigurationReference = 856297E2B6D988EF6208F8A2 /* Pods-Rules.debug.xcconfig */;
			buildSettings = {
				ASSETCATALOG_COMPILER_APPICON_NAME = AppIcon;
				ASSETCATALOG_COMPILER_GLOBAL_ACCENT_COLOR_NAME = AccentColor;
				CODE_SIGN_ENTITLEMENTS = Rules/Rules.entitlements;
				CODE_SIGN_IDENTITY = "Apple Development";
				CODE_SIGN_STYLE = Automatic;
				CURRENT_PROJECT_VERSION = 1;
				DEVELOPMENT_ASSET_PATHS = "Rules/Preview\\ Content Rules/Assets.xcassets";
				DEVELOPMENT_TEAM = 3Y79SF4PL3;
				ENABLE_PREVIEWS = YES;
				FRAMEWORK_SEARCH_PATHS = (
					"$(inherited)/**",
					"$(PROJECT_DIR)/Pods/Google-Mobile-Ads-SDK/Frameworks/**",
				);
				GENERATE_INFOPLIST_FILE = YES;
				HEADER_SEARCH_PATHS = (
					"$(inherited)/**",
					"\"${PODS_CONFIGURATION_BUILD_DIR}/AppAuth/AppAuth.framework/Headers\"/**",
					"\"${PODS_CONFIGURATION_BUILD_DIR}/AppCheckCore/AppCheckCore.framework/Headers\"/**",
					"\"${PODS_CONFIGURATION_BUILD_DIR}/BoringSSL-GRPC/openssl_grpc.framework/Headers\"/**",
					"\"${PODS_CONFIGURATION_BUILD_DIR}/FirebaseAppCheckInterop/FirebaseAppCheckInterop.framework/Headers\"/**",
					"\"${PODS_CONFIGURATION_BUILD_DIR}/FirebaseAuth/FirebaseAuth.framework/Headers\"/**",
					"\"${PODS_CONFIGURATION_BUILD_DIR}/FirebaseAuthInterop/FirebaseAuthInterop.framework/Headers\"/**",
					"\"${PODS_CONFIGURATION_BUILD_DIR}/FirebaseCore/FirebaseCore.framework/Headers\"/**",
					"\"${PODS_CONFIGURATION_BUILD_DIR}/FirebaseCoreExtension/FirebaseCoreExtension.framework/Headers\"/**",
					"\"${PODS_CONFIGURATION_BUILD_DIR}/FirebaseCoreInternal/FirebaseCoreInternal.framework/Headers\"/**",
					"\"${PODS_CONFIGURATION_BUILD_DIR}/FirebaseDatabase/FirebaseDatabase.framework/Headers\"/**",
					"\"${PODS_CONFIGURATION_BUILD_DIR}/FirebaseFirestore/FirebaseFirestore.framework/Headers\"/**",
					"\"${PODS_CONFIGURATION_BUILD_DIR}/FirebaseFirestoreInternal/FirebaseFirestoreInternal.framework/Headers\"/**",
					"\"${PODS_CONFIGURATION_BUILD_DIR}/FirebaseInstallations/FirebaseInstallations.framework/Headers\"/**",
					"\"${PODS_CONFIGURATION_BUILD_DIR}/FirebaseMessaging/FirebaseMessaging.framework/Headers\"/**",
					"\"${PODS_CONFIGURATION_BUILD_DIR}/FirebaseSharedSwift/FirebaseSharedSwift.framework/Headers\"/**",
					"\"${PODS_CONFIGURATION_BUILD_DIR}/FirebaseStorage/FirebaseStorage.framework/Headers\"/**",
					"\"${PODS_CONFIGURATION_BUILD_DIR}/GTMAppAuth/GTMAppAuth.framework/Headers\"/**",
					"\"${PODS_CONFIGURATION_BUILD_DIR}/GTMSessionFetcher/GTMSessionFetcher.framework/Headers\"/**",
					"\"${PODS_CONFIGURATION_BUILD_DIR}/Google-Mobile-Ads-SDK/Google_Mobile_Ads_SDK.framework/Headers\"/**",
					"\"${PODS_CONFIGURATION_BUILD_DIR}/GoogleDataTransport/GoogleDataTransport.framework/Headers\"/**",
					"\"${PODS_CONFIGURATION_BUILD_DIR}/GoogleSignIn/GoogleSignIn.framework/Headers\"/**",
					"\"${PODS_CONFIGURATION_BUILD_DIR}/GoogleUtilities/GoogleUtilities.framework/Headers\"/**",
					"\"${PODS_CONFIGURATION_BUILD_DIR}/PromisesObjC/FBLPromises.framework/Headers\"/**",
					"\"${PODS_CONFIGURATION_BUILD_DIR}/RecaptchaInterop/RecaptchaInterop.framework/Headers\"/**",
					"\"${PODS_CONFIGURATION_BUILD_DIR}/abseil/absl.framework/Headers\"/**",
					"\"${PODS_CONFIGURATION_BUILD_DIR}/gRPC-C++/grpcpp.framework/Headers\"/**",
					"\"${PODS_CONFIGURATION_BUILD_DIR}/gRPC-Core/grpc.framework/Headers\"/**",
					"\"${PODS_CONFIGURATION_BUILD_DIR}/leveldb-library/leveldb.framework/Headers\"/**",
					"\"${PODS_CONFIGURATION_BUILD_DIR}/nanopb/nanopb.framework/Headers\"/**",
					"\"${PODS_ROOT}/Headers/Public\"/**",
					"\"${PODS_ROOT}/Headers/Public/Firebase\"/**",
					"${PODS_ROOT}/Firebase/CoreOnly/Sources/**",
				);
				INFOPLIST_FILE = "Property List.plist";
				INFOPLIST_KEY_CFBundleDisplayName = "Travel Rules";
				INFOPLIST_KEY_LSApplicationCategoryType = "public.app-category.travel";
				INFOPLIST_KEY_NSLocationAlwaysAndWhenInUseUsageDescription = "Potrzebujemy dostępu do Twojej lokalizacji, aby pokazać Twoją aktualną pozycję.";
				INFOPLIST_KEY_NSLocationWhenInUseUsageDescription = "The app needs access to your location in order to personalize features near you.";
				INFOPLIST_KEY_UIApplicationSceneManifest_Generation = YES;
				INFOPLIST_KEY_UIApplicationSupportsIndirectInputEvents = YES;
				INFOPLIST_KEY_UILaunchScreen_Generation = YES;
				INFOPLIST_KEY_UIRequiresFullScreen = NO;
				INFOPLIST_KEY_UIStatusBarStyle = "";
				INFOPLIST_KEY_UISupportedInterfaceOrientations = UIInterfaceOrientationPortrait;
				IPHONEOS_DEPLOYMENT_TARGET = 17.6;
				LD_RUNPATH_SEARCH_PATHS = (
					"$(inherited)",
					"@executable_path/Frameworks",
				);
				LIBRARY_SEARCH_PATHS = (
					"$(inherited)/**",
					"$(PROJECT_DIR)/Pods/**",
				);
				MARKETING_VERSION = 1.2;
				ONLY_ACTIVE_ARCH = YES;
				PRODUCT_BUNDLE_IDENTIFIER = "Mateusz-Mlynarski.Rules";
				PRODUCT_NAME = "$(TARGET_NAME)";
				PROVISIONING_PROFILE_SPECIFIER = "";
				SUPPORTED_PLATFORMS = "iphoneos iphonesimulator";
				SUPPORTS_MACCATALYST = NO;
				SUPPORTS_MAC_DESIGNED_FOR_IPHONE_IPAD = NO;
				SUPPORTS_XR_DESIGNED_FOR_IPHONE_IPAD = NO;
				SWIFT_EMIT_LOC_STRINGS = YES;
				SWIFT_VERSION = 5.0;
				TARGETED_DEVICE_FAMILY = 1;
			};
			name = Debug;
		};
		0707D9C72A1453D900186248 /* Release */ = {
			isa = XCBuildConfiguration;
			baseConfigurationReference = 85CD48C738AE96DAA00C9512 /* Pods-Rules.release.xcconfig */;
			buildSettings = {
				ASSETCATALOG_COMPILER_APPICON_NAME = AppIcon;
				ASSETCATALOG_COMPILER_GLOBAL_ACCENT_COLOR_NAME = AccentColor;
				CODE_SIGN_ENTITLEMENTS = Rules/RulesRelease.entitlements;
				CODE_SIGN_IDENTITY = "Apple Development";
				CODE_SIGN_STYLE = Automatic;
				CURRENT_PROJECT_VERSION = 1;
				DEVELOPMENT_ASSET_PATHS = "Rules/Preview\\ Content Rules/Assets.xcassets";
				DEVELOPMENT_TEAM = 3Y79SF4PL3;
				ENABLE_PREVIEWS = YES;
				FRAMEWORK_SEARCH_PATHS = (
					"$(inherited)/**",
					"$(PROJECT_DIR)/Pods/Google-Mobile-Ads-SDK/Frameworks/**",
				);
				GENERATE_INFOPLIST_FILE = YES;
				HEADER_SEARCH_PATHS = (
					"$(inherited)/**",
					"\"${PODS_CONFIGURATION_BUILD_DIR}/AppAuth/AppAuth.framework/Headers\"/**",
					"\"${PODS_CONFIGURATION_BUILD_DIR}/AppCheckCore/AppCheckCore.framework/Headers\"/**",
					"\"${PODS_CONFIGURATION_BUILD_DIR}/BoringSSL-GRPC/openssl_grpc.framework/Headers\"/**",
					"\"${PODS_CONFIGURATION_BUILD_DIR}/FirebaseAppCheckInterop/FirebaseAppCheckInterop.framework/Headers\"/**",
					"\"${PODS_CONFIGURATION_BUILD_DIR}/FirebaseAuth/FirebaseAuth.framework/Headers\"/**",
					"\"${PODS_CONFIGURATION_BUILD_DIR}/FirebaseAuthInterop/FirebaseAuthInterop.framework/Headers\"/**",
					"\"${PODS_CONFIGURATION_BUILD_DIR}/FirebaseCore/FirebaseCore.framework/Headers\"/**",
					"\"${PODS_CONFIGURATION_BUILD_DIR}/FirebaseCoreExtension/FirebaseCoreExtension.framework/Headers\"/**",
					"\"${PODS_CONFIGURATION_BUILD_DIR}/FirebaseCoreInternal/FirebaseCoreInternal.framework/Headers\"/**",
					"\"${PODS_CONFIGURATION_BUILD_DIR}/FirebaseDatabase/FirebaseDatabase.framework/Headers\"/**",
					"\"${PODS_CONFIGURATION_BUILD_DIR}/FirebaseFirestore/FirebaseFirestore.framework/Headers\"/**",
					"\"${PODS_CONFIGURATION_BUILD_DIR}/FirebaseFirestoreInternal/FirebaseFirestoreInternal.framework/Headers\"/**",
					"\"${PODS_CONFIGURATION_BUILD_DIR}/FirebaseInstallations/FirebaseInstallations.framework/Headers\"/**",
					"\"${PODS_CONFIGURATION_BUILD_DIR}/FirebaseMessaging/FirebaseMessaging.framework/Headers\"/**",
					"\"${PODS_CONFIGURATION_BUILD_DIR}/FirebaseSharedSwift/FirebaseSharedSwift.framework/Headers\"/**",
					"\"${PODS_CONFIGURATION_BUILD_DIR}/FirebaseStorage/FirebaseStorage.framework/Headers\"/**",
					"\"${PODS_CONFIGURATION_BUILD_DIR}/GTMAppAuth/GTMAppAuth.framework/Headers\"/**",
					"\"${PODS_CONFIGURATION_BUILD_DIR}/GTMSessionFetcher/GTMSessionFetcher.framework/Headers\"/**",
					"\"${PODS_CONFIGURATION_BUILD_DIR}/Google-Mobile-Ads-SDK/Google_Mobile_Ads_SDK.framework/Headers\"/**",
					"\"${PODS_CONFIGURATION_BUILD_DIR}/GoogleDataTransport/GoogleDataTransport.framework/Headers\"/**",
					"\"${PODS_CONFIGURATION_BUILD_DIR}/GoogleSignIn/GoogleSignIn.framework/Headers\"/**",
					"\"${PODS_CONFIGURATION_BUILD_DIR}/GoogleUtilities/GoogleUtilities.framework/Headers\"/**",
					"\"${PODS_CONFIGURATION_BUILD_DIR}/PromisesObjC/FBLPromises.framework/Headers\"/**",
					"\"${PODS_CONFIGURATION_BUILD_DIR}/RecaptchaInterop/RecaptchaInterop.framework/Headers\"/**",
					"\"${PODS_CONFIGURATION_BUILD_DIR}/abseil/absl.framework/Headers\"/**",
					"\"${PODS_CONFIGURATION_BUILD_DIR}/gRPC-C++/grpcpp.framework/Headers\"/**",
					"\"${PODS_CONFIGURATION_BUILD_DIR}/gRPC-Core/grpc.framework/Headers\"/**",
					"\"${PODS_CONFIGURATION_BUILD_DIR}/leveldb-library/leveldb.framework/Headers\"/**",
					"\"${PODS_CONFIGURATION_BUILD_DIR}/nanopb/nanopb.framework/Headers\"/**",
					"\"${PODS_ROOT}/Headers/Public\"/**",
					"\"${PODS_ROOT}/Headers/Public/Firebase\"/**",
					"${PODS_ROOT}/Firebase/CoreOnly/Sources/**",
				);
				INFOPLIST_FILE = "Property List.plist";
				INFOPLIST_KEY_CFBundleDisplayName = "Travel Rules";
				INFOPLIST_KEY_LSApplicationCategoryType = "public.app-category.travel";
				INFOPLIST_KEY_NSLocationAlwaysAndWhenInUseUsageDescription = "Potrzebujemy dostępu do Twojej lokalizacji, aby pokazać Twoją aktualną pozycję.";
				INFOPLIST_KEY_NSLocationWhenInUseUsageDescription = "The app needs access to your location in order to personalize features near you.";
				INFOPLIST_KEY_UIApplicationSceneManifest_Generation = YES;
				INFOPLIST_KEY_UIApplicationSupportsIndirectInputEvents = YES;
				INFOPLIST_KEY_UILaunchScreen_Generation = YES;
				INFOPLIST_KEY_UIRequiresFullScreen = NO;
				INFOPLIST_KEY_UIStatusBarStyle = "";
				INFOPLIST_KEY_UISupportedInterfaceOrientations = UIInterfaceOrientationPortrait;
				IPHONEOS_DEPLOYMENT_TARGET = 17.6;
				LD_RUNPATH_SEARCH_PATHS = (
					"$(inherited)",
					"@executable_path/Frameworks",
				);
				LIBRARY_SEARCH_PATHS = (
					"$(inherited)/**",
					"$(PROJECT_DIR)/Pods/**",
				);
				MARKETING_VERSION = 1.2;
				ONLY_ACTIVE_ARCH = NO;
				PRODUCT_BUNDLE_IDENTIFIER = "Mateusz-Mlynarski.Rules";
				PRODUCT_NAME = "$(TARGET_NAME)";
				PROVISIONING_PROFILE_SPECIFIER = "";
				SUPPORTED_PLATFORMS = "iphoneos iphonesimulator";
				SUPPORTS_MACCATALYST = NO;
				SUPPORTS_MAC_DESIGNED_FOR_IPHONE_IPAD = NO;
				SUPPORTS_XR_DESIGNED_FOR_IPHONE_IPAD = NO;
				SWIFT_EMIT_LOC_STRINGS = YES;
				SWIFT_VERSION = 5.0;
				TARGETED_DEVICE_FAMILY = 1;
			};
			name = Release;
		};
/* End XCBuildConfiguration section */

/* Begin XCConfigurationList section */
		0707D99C2A1453D800186248 /* Build configuration list for PBXProject "Travel rules" */ = {
			isa = XCConfigurationList;
			buildConfigurations = (
				0707D9C32A1453D900186248 /* Debug */,
				0707D9C42A1453D900186248 /* Release */,
			);
			defaultConfigurationIsVisible = 0;
			defaultConfigurationName = Release;
		};
		0707D9C52A1453D900186248 /* Build configuration list for PBXNativeTarget "Rules" */ = {
			isa = XCConfigurationList;
			buildConfigurations = (
				0707D9C62A1453D900186248 /* Debug */,
				0707D9C72A1453D900186248 /* Release */,
			);
			defaultConfigurationIsVisible = 0;
			defaultConfigurationName = Release;
		};
/* End XCConfigurationList section */
	};
	rootObject = 0707D9992A1453D800186248 /* Project object */;
}
